
Microsoft Visual Studio Solution File, Format Version 12.00
Project("{2150E333-8FDC-42A3-9474-1A3956D46DE8}") = "931. Minimum Falling Path Sum", "931. Minimum Falling Path Sum", "{BFA3822E-A6BB-450C-8941-86E75483B18B}"
	ProjectSection(SolutionItems) = preProject
		Medium\931. MinimumFallingPathSum\README.md = Medium\931. MinimumFallingPathSum\README.md
	EndProjectSection
EndProject
Project("{2150E333-8FDC-42A3-9474-1A3956D46DE8}") = "Easy", "Easy", "{81E5774C-D5A5-4A67-86AD-91222C92D988}"
EndProject
Project("{2150E333-8FDC-42A3-9474-1A3956D46DE8}") = "Medium", "Medium", "{D36D72AA-1FCE-4A04-867F-8ADC59CDAD25}"
EndProject
Project("{2150E333-8FDC-42A3-9474-1A3956D46DE8}") = "Hard", "Hard", "{547967A9-010C-4AFD-8A71-2D3D47EEBE8D}"
EndProject
Project("{FAE04EC0-301F-11D3-BF4B-00C04F79EFBC}") = "MinimumFallingPathSum", "Medium\931. MinimumFallingPathSum\MinimumFallingPathSum\MinimumFallingPathSum.csproj", "{1A819BB2-78F2-41AC-910D-0C17D17FDAFC}"
EndProject
Project("{FAE04EC0-301F-11D3-BF4B-00C04F79EFBC}") = "MinimumFallingPathSum.Tests", "Medium\931. MinimumFallingPathSum\MinimumFallingPathSum.Tests\MinimumFallingPathSum.Tests.csproj", "{4F710916-48D2-4915-AC5A-67034B7336E9}"
EndProject
Project("{FAE04EC0-301F-11D3-BF4B-00C04F79EFBC}") = "MedianOfTwoSortedArrays", "Hard\4. Median of Two Sorted Arrays\MedianOfTwoSortedArrays\MedianOfTwoSortedArrays.csproj", "{B30E2F6F-CF0C-4687-96DB-36A7F1EF6305}"
EndProject
Project("{FAE04EC0-301F-11D3-BF4B-00C04F79EFBC}") = "MedianOfTwoSortedArrays.Tests", "Hard\4. Median of Two Sorted Arrays\MedianOfTwoSortedArrays.Tests\MedianOfTwoSortedArrays.Tests.csproj", "{91C30459-242E-46F4-9347-4B803525D08D}"
EndProject
Project("{2150E333-8FDC-42A3-9474-1A3956D46DE8}") = "4. Median of Two Sorted Arrays", "4. Median of Two Sorted Arrays", "{A2F58697-4B46-45FD-9431-8E5F7AC09767}"
	ProjectSection(SolutionItems) = preProject
		Hard\4. Median of Two Sorted Arrays\README.md = Hard\4. Median of Two Sorted Arrays\README.md
	EndProjectSection
EndProject
Project("{2150E333-8FDC-42A3-9474-1A3956D46DE8}") = "1. Two Sum", "1. Two Sum", "{AA9232FF-B16D-466C-B9F4-73AC81EFBD51}"
	ProjectSection(SolutionItems) = preProject
		Easy\1. Two Sum\README.md = Easy\1. Two Sum\README.md
	EndProjectSection
EndProject
Project("{FAE04EC0-301F-11D3-BF4B-00C04F79EFBC}") = "TwoSum.Tests", "Easy\1. Two Sum\TwoSum.Tests\TwoSum.Tests.csproj", "{11441618-C1A5-45F2-9414-41C274B0E8C0}"
EndProject
Project("{FAE04EC0-301F-11D3-BF4B-00C04F79EFBC}") = "TwoSum", "Easy\1. Two Sum\TwoSum\TwoSum.csproj", "{E9BA61ED-73E4-4794-8A9A-5CCED49F61E5}"
EndProject
Project("{2150E333-8FDC-42A3-9474-1A3956D46DE8}") = "198. House Robber", "198. House Robber", "{3A943A3F-9E77-4127-866D-18E18928F5ED}"
	ProjectSection(SolutionItems) = preProject
		Medium\198. House Robber\README.md = Medium\198. House Robber\README.md
	EndProjectSection
EndProject
Project("{FAE04EC0-301F-11D3-BF4B-00C04F79EFBC}") = "HouseRobber", "Medium\198. House Robber\HouseRobber\HouseRobber.csproj", "{2C42AD41-ADB7-43A4-BF70-C2BA0F836223}"
EndProject
Project("{FAE04EC0-301F-11D3-BF4B-00C04F79EFBC}") = "HouseRobber.Tests", "Medium\198. House Robber\HouseRobber.Tests\HouseRobber.Tests.csproj", "{C037A956-697A-412E-8A9B-FAE2D1CA0471}"
EndProject
Project("{2150E333-8FDC-42A3-9474-1A3956D46DE8}") = "1143. Longest Common Subsequence", "1143. Longest Common Subsequence", "{DA0D0E67-E69C-4DA7-A690-65C7C1653924}"
	ProjectSection(SolutionItems) = preProject
		Medium\1143. Longest Common Subsequence\README.md = Medium\1143. Longest Common Subsequence\README.md
	EndProjectSection
EndProject
Project("{FAE04EC0-301F-11D3-BF4B-00C04F79EFBC}") = "LongestCommonSubsequence", "Medium\1143. Longest Common Subsequence\LongestCommonSubsequence\LongestCommonSubsequence.csproj", "{23F9D102-37C2-4F3B-9EEC-EC28FCC11AD9}"
EndProject
Project("{FAE04EC0-301F-11D3-BF4B-00C04F79EFBC}") = "LongestCommonSubsequence.Tests", "Medium\1143. Longest Common Subsequence\LongestCommonSubsequence.Tests\LongestCommonSubsequence.Tests.csproj", "{8D26D2C9-B70C-4F4E-A1CB-AB7364052D68}"
EndProject
Project("{2150E333-8FDC-42A3-9474-1A3956D46DE8}") = "232. Implement Queue using Stacks", "232. Implement Queue using Stacks", "{4071038E-93C3-4E80-8985-684EBA37765C}"
	ProjectSection(SolutionItems) = preProject
		Easy\232. Implement Queue using Stacks\README.md = Easy\232. Implement Queue using Stacks\README.md
	EndProjectSection
EndProject
Project("{FAE04EC0-301F-11D3-BF4B-00C04F79EFBC}") = "ImplementQueueUsingStacks", "Easy\232. Implement Queue using Stacks\ImplementQueueUsingStacks\ImplementQueueUsingStacks.csproj", "{9DFB1F64-CED8-4727-92E2-0297E28A50ED}"
EndProject
Project("{FAE04EC0-301F-11D3-BF4B-00C04F79EFBC}") = "ImplementQueueUsingStacks.Tests", "Easy\232. Implement Queue using Stacks\ImplementQueueUsingStacks.Tests\ImplementQueueUsingStacks.Tests.csproj", "{D547A312-C568-4E45-B0B4-ECF277570D61}"
EndProject
Project("{2150E333-8FDC-42A3-9474-1A3956D46DE8}") = "150. Evaluate Reverse Polish Notation", "150. Evaluate Reverse Polish Notation", "{26FFDCBC-B5D7-49C1-A04A-F2CC71D21612}"
	ProjectSection(SolutionItems) = preProject
		Medium\150. Evaluate Reverse Polish Notation\README.md = Medium\150. Evaluate Reverse Polish Notation\README.md
	EndProjectSection
EndProject
Project("{FAE04EC0-301F-11D3-BF4B-00C04F79EFBC}") = "EvaluateReversePolishNotation", "Medium\150. Evaluate Reverse Polish Notation\EvaluateReversePolishNotation\EvaluateReversePolishNotation.csproj", "{BF9BA96A-DE25-401A-8EE7-2F4E2686A798}"
EndProject
Project("{FAE04EC0-301F-11D3-BF4B-00C04F79EFBC}") = "EvaluateReversePolishNotation.Tests", "Medium\150. Evaluate Reverse Polish Notation\EvaluateReversePolishNotation.Tests\EvaluateReversePolishNotation.Tests.csproj", "{DA8AA4BE-49ED-4808-BF6F-5EA91C0CA523}"
EndProject
Project("{2150E333-8FDC-42A3-9474-1A3956D46DE8}") = "739. Daily Temperatures", "739. Daily Temperatures", "{CBE3C0EF-DB14-4E4B-976D-9422D41EBDD6}"
	ProjectSection(SolutionItems) = preProject
		Medium\739. Daily Temperatures\README.md = Medium\739. Daily Temperatures\README.md
	EndProjectSection
EndProject
Project("{FAE04EC0-301F-11D3-BF4B-00C04F79EFBC}") = "DailyTemperatures.Tests", "Medium\739. Daily Temperatures\DailyTemperatures.Tests\DailyTemperatures.Tests.csproj", "{2BA0F9CE-04B0-4897-98E4-84A8488CFA5E}"
EndProject
Project("{FAE04EC0-301F-11D3-BF4B-00C04F79EFBC}") = "DailyTemperatures", "Medium\739. Daily Temperatures\DailyTemperatures\DailyTemperatures.csproj", "{E251BEA4-5FD3-4DAE-B0A1-2D78A36FEF31}"
EndProject
Project("{2150E333-8FDC-42A3-9474-1A3956D46DE8}") = "23. Merge k Sorted Lists", "23. Merge k Sorted Lists", "{786E32F3-5C09-42A5-B0BB-179CBCAC071A}"
	ProjectSection(SolutionItems) = preProject
		Hard\23. Merge k Sorted Lists\README.md = Hard\23. Merge k Sorted Lists\README.md
	EndProjectSection
EndProject
Project("{FAE04EC0-301F-11D3-BF4B-00C04F79EFBC}") = "MergeKSortedLists", "Hard\23. Merge k Sorted Lists\MergeKSortedLists\MergeKSortedLists.csproj", "{F3DBEF6D-5F67-4F05-BD81-90568BE70202}"
EndProject
Project("{FAE04EC0-301F-11D3-BF4B-00C04F79EFBC}") = "MergeKSortedLists.Tests", "Hard\23. Merge k Sorted Lists\MergeKSortedLists.Tests\MergeKSortedLists.Tests.csproj", "{2C3B934A-3EDD-4758-A160-9622696E8250}"
EndProject
Project("{2150E333-8FDC-42A3-9474-1A3956D46DE8}") = "1971. Find if Path Exists in Graph", "1971. Find if Path Exists in Graph", "{8146A80B-EE85-44E4-A151-0C304A136B5D}"
	ProjectSection(SolutionItems) = preProject
		Easy\1971. Find if Path Exists in Graph\README.md = Easy\1971. Find if Path Exists in Graph\README.md
	EndProjectSection
EndProject
Project("{FAE04EC0-301F-11D3-BF4B-00C04F79EFBC}") = "FindIfPathExistsInGraph", "Easy\1971. Find if Path Exists in Graph\FindIfPathExistsInGraph\FindIfPathExistsInGraph.csproj", "{B5EEFC91-5503-43CA-9EFD-EF97740718B4}"
EndProject
Project("{FAE04EC0-301F-11D3-BF4B-00C04F79EFBC}") = "FindIfPathExistsInGraph.Tests", "Easy\1971. Find if Path Exists in Graph\FindIfPathExistsInGraph.Tests\FindIfPathExistsInGraph.Tests.csproj", "{770A751A-EA16-4DC3-9A9B-8E1D7AF75A36}"
EndProject
Project("{2150E333-8FDC-42A3-9474-1A3956D46DE8}") = "841. Keys and Rooms", "841. Keys and Rooms", "{DD013EC3-F9F8-4E07-8E29-F3624A0F1021}"
	ProjectSection(SolutionItems) = preProject
		Medium\841. Keys and Rooms\README.md = Medium\841. Keys and Rooms\README.md
	EndProjectSection
EndProject
Project("{FAE04EC0-301F-11D3-BF4B-00C04F79EFBC}") = "KeysAndRooms", "Medium\841. Keys and Rooms\KeysAndRooms\KeysAndRooms.csproj", "{F0657077-9F4C-42EB-B9AF-034477840270}"
EndProject
Project("{FAE04EC0-301F-11D3-BF4B-00C04F79EFBC}") = "KeysAndRooms.Tests", "Medium\841. Keys and Rooms\KeysAndRooms.Tests\KeysAndRooms.Tests.csproj", "{6741977E-29A7-4CCF-89CD-02F04A40FD46}"
EndProject
Project("{2150E333-8FDC-42A3-9474-1A3956D46DE8}") = "886. Possible Bipartition", "886. Possible Bipartition", "{D3B46093-0A31-4B42-B277-B695FF8BBC2D}"
	ProjectSection(SolutionItems) = preProject
		Medium\886. Possible Bipartition\README.md = Medium\886. Possible Bipartition\README.md
	EndProjectSection
EndProject
Project("{FAE04EC0-301F-11D3-BF4B-00C04F79EFBC}") = "PossibleBipartition", "Medium\886. Possible Bipartition\PossibleBipartition\PossibleBipartition.csproj", "{510B9F66-5C31-4FC7-9DA8-A7AC1355F861}"
EndProject
Project("{FAE04EC0-301F-11D3-BF4B-00C04F79EFBC}") = "PossibleBipartition.Tests", "Medium\886. Possible Bipartition\PossibleBipartition.Tests\PossibleBipartition.Tests.csproj", "{F3B453CF-6DAA-4F18-974E-172B593FA067}"
EndProject
Project("{2150E333-8FDC-42A3-9474-1A3956D46DE8}") = "834. Sum of Distances in Tree", "834. Sum of Distances in Tree", "{602371A8-94D6-47A1-B3AE-4456BF3927CA}"
	ProjectSection(SolutionItems) = preProject
		Hard\834. Sum of Distances in Tree\README.md = Hard\834. Sum of Distances in Tree\README.md
	EndProjectSection
EndProject
Project("{FAE04EC0-301F-11D3-BF4B-00C04F79EFBC}") = "SumOfDistancesInTree", "Hard\834. Sum of Distances in Tree\SumOfDistancesInTree\SumOfDistancesInTree.csproj", "{F656733F-AD03-42BF-A2C2-7A3D46C89F3B}"
EndProject
Project("{FAE04EC0-301F-11D3-BF4B-00C04F79EFBC}") = "SumOfDistancesInTree.Tests", "Hard\834. Sum of Distances in Tree\SumOfDistancesInTree.Tests\SumOfDistancesInTree.Tests.csproj", "{5DCF7BF4-43BD-4689-87A5-33F426F9029B}"
EndProject
Project("{2150E333-8FDC-42A3-9474-1A3956D46DE8}") = "309. Best Time to Buy and Sell Stock with Cooldown", "309. Best Time to Buy and Sell Stock with Cooldown", "{A4EAAC45-CB44-44B8-8BCC-222AD86AE69B}"
	ProjectSection(SolutionItems) = preProject
		Medium\309. Best Time to Buy and Sell Stock with Cooldown\README.md = Medium\309. Best Time to Buy and Sell Stock with Cooldown\README.md
	EndProjectSection
EndProject
Project("{FAE04EC0-301F-11D3-BF4B-00C04F79EFBC}") = "BestTimeToBuyAndSellStockWithCooldown", "Medium\309. Best Time to Buy and Sell Stock with Cooldown\BestTimeToBuyAndSellStockWithCooldown\BestTimeToBuyAndSellStockWithCooldown.csproj", "{F51D284D-6BAF-4D23-940E-82FFE94DFAFD}"
EndProject
Project("{FAE04EC0-301F-11D3-BF4B-00C04F79EFBC}") = "BestTimeToBuyAndSellStockWithCooldown.Tests", "Medium\309. Best Time to Buy and Sell Stock with Cooldown\BestTimeToBuyAndSellStockWithCooldown.Tests\BestTimeToBuyAndSellStockWithCooldown.Tests.csproj", "{C4A81A43-E7CB-4AEF-A1DA-07134D2FEE14}"
EndProject
Project("{2150E333-8FDC-42A3-9474-1A3956D46DE8}") = "790. Domino and Tromino Tiling", "790. Domino and Tromino Tiling", "{69916BD1-8B41-429F-BAA4-95268D957B49}"
	ProjectSection(SolutionItems) = preProject
		Medium\790. Domino and Tromino Tiling\README.md = Medium\790. Domino and Tromino Tiling\README.md
	EndProjectSection
EndProject
Project("{FAE04EC0-301F-11D3-BF4B-00C04F79EFBC}") = "DominoAndTrominoTiling", "Medium\790. Domino and Tromino Tiling\DominoAndTrominoTiling\DominoAndTrominoTiling.csproj", "{67AA66EC-F526-4F7B-A6D5-85D7371EE85B}"
EndProject
Project("{FAE04EC0-301F-11D3-BF4B-00C04F79EFBC}") = "DominoAndTrominoTiling.Tests", "Medium\790. Domino and Tromino Tiling\DominoAndTrominoTiling.Tests\DominoAndTrominoTiling.Tests.csproj", "{E67AA891-E23E-4585-AA24-A61DF41D12FF}"
EndProject
Project("{2150E333-8FDC-42A3-9474-1A3956D46DE8}") = "2389. Longest Subsequence With Limited Sum", "2389. Longest Subsequence With Limited Sum", "{2E7584DC-6C45-4E6F-ABEB-FCE2F186D2D6}"
	ProjectSection(SolutionItems) = preProject
		Easy\2389. Longest Subsequence With Limited Sum\README.md = Easy\2389. Longest Subsequence With Limited Sum\README.md
	EndProjectSection
EndProject
Project("{FAE04EC0-301F-11D3-BF4B-00C04F79EFBC}") = "LongestSubsequenceWithLimitedSum", "Easy\2389. Longest Subsequence With Limited Sum\LongestSubsequenceWithLimitedSum\LongestSubsequenceWithLimitedSum.csproj", "{242B6750-17FB-4BA1-89E9-441CA5AAB132}"
EndProject
Project("{FAE04EC0-301F-11D3-BF4B-00C04F79EFBC}") = "LongestSubsequenceWithLimitedSum.Tests", "Easy\2389. Longest Subsequence With Limited Sum\LongestSubsequenceWithLimitedSum.Tests\LongestSubsequenceWithLimitedSum.Tests.csproj", "{AC3798D8-F61D-4179-B10C-E36FDBE16A26}"
EndProject
Project("{2150E333-8FDC-42A3-9474-1A3956D46DE8}") = "55. Jump Game", "55. Jump Game", "{6CDDE71D-CD88-4852-A86C-0EAAA74E5E6D}"
	ProjectSection(SolutionItems) = preProject
		Medium\55. Jump Game\README.md = Medium\55. Jump Game\README.md
	EndProjectSection
EndProject
Project("{FAE04EC0-301F-11D3-BF4B-00C04F79EFBC}") = "JumpGame", "Medium\55. Jump Game\JumpGame\JumpGame.csproj", "{686CBF87-EA61-4789-974B-F4D14C836178}"
EndProject
Project("{FAE04EC0-301F-11D3-BF4B-00C04F79EFBC}") = "JumpGame.Tests", "Medium\55. Jump Game\JumpGame.Tests\JumpGame.Tests.csproj", "{458BAD3B-8C97-4907-B12E-1149D07CB147}"
EndProject
Project("{2150E333-8FDC-42A3-9474-1A3956D46DE8}") = "2279. Maximum Bags With Full Capacity of Rocks", "2279. Maximum Bags With Full Capacity of Rocks", "{7C89B3D7-F503-4C84-93BC-8743ABACF5D9}"
	ProjectSection(SolutionItems) = preProject
		Medium\2279. Maximum Bags With Full Capacity of Rocks\README.md = Medium\2279. Maximum Bags With Full Capacity of Rocks\README.md
	EndProjectSection
EndProject
Project("{FAE04EC0-301F-11D3-BF4B-00C04F79EFBC}") = "MaximumBagsWithFullCapacityOfRocks", "Medium\2279. Maximum Bags With Full Capacity of Rocks\MaximumBagsWithFullCapacityOfRocks\MaximumBagsWithFullCapacityOfRocks.csproj", "{69A535AE-0890-475F-9D8F-16D39482E17C}"
EndProject
Project("{FAE04EC0-301F-11D3-BF4B-00C04F79EFBC}") = "MaximumBagsWithFullCapacityOfRocks.Tests", "Medium\2279. Maximum Bags With Full Capacity of Rocks\MaximumBagsWithFullCapacityOfRocks.Tests\MaximumBagsWithFullCapacityOfRocks.Tests.csproj", "{3578B1CD-D61B-40DE-BCEC-DB537A7C41C8}"
EndProject
Project("{2150E333-8FDC-42A3-9474-1A3956D46DE8}") = "1962. Remove Stones to Minimize the Total", "1962. Remove Stones to Minimize the Total", "{8A33B8B1-8CBB-46C3-9403-FC0EEA973B37}"
	ProjectSection(SolutionItems) = preProject
		Medium\1962. Remove Stones to Minimize the Total\README.md = Medium\1962. Remove Stones to Minimize the Total\README.md
	EndProjectSection
EndProject
Project("{FAE04EC0-301F-11D3-BF4B-00C04F79EFBC}") = "RemoveStonesToMinimizeTheTotal", "Medium\1962. Remove Stones to Minimize the Total\RemoveStonesToMinimizeTheTotal\RemoveStonesToMinimizeTheTotal.csproj", "{32D6E04B-D2B7-4417-B740-0258FD49A4BE}"
EndProject
Project("{FAE04EC0-301F-11D3-BF4B-00C04F79EFBC}") = "RemoveStonesToMinimizeTheTotal.Tests", "Medium\1962. Remove Stones to Minimize the Total\RemoveStonesToMinimizeTheTotal.Tests\RemoveStonesToMinimizeTheTotal.Tests.csproj", "{8ECD38E9-60D1-4169-BBF2-80D191A83CB1}"
EndProject
Project("{2150E333-8FDC-42A3-9474-1A3956D46DE8}") = "1834. Single-Threaded CPU", "1834. Single-Threaded CPU", "{1F9326D4-4188-4BFF-807F-278BA77A028E}"
	ProjectSection(SolutionItems) = preProject
		Medium\1834. Single-Threaded CPU\README.md = Medium\1834. Single-Threaded CPU\README.md
	EndProjectSection
EndProject
Project("{FAE04EC0-301F-11D3-BF4B-00C04F79EFBC}") = "SingleThreadedCPU.Tests", "Medium\1834. Single-Threaded CPU\SingleThreadedCPU.Tests\SingleThreadedCPU.Tests.csproj", "{4FE1F758-6995-4FED-A242-036C2E74DBA4}"
EndProject
Project("{FAE04EC0-301F-11D3-BF4B-00C04F79EFBC}") = "SingleThreadedCPU", "Medium\1834. Single-Threaded CPU\SingleThreadedCPU\SingleThreadedCPU.csproj", "{C1CFA5B6-CD9E-49FF-9C50-786880581AD5}"
EndProject
Project("{2150E333-8FDC-42A3-9474-1A3956D46DE8}") = "290. Word Pattern", "290. Word Pattern", "{CC01221A-6DC5-4666-9364-52AF468E5B84}"
	ProjectSection(SolutionItems) = preProject
		Easy\290. Word Pattern\README.md = Easy\290. Word Pattern\README.md
	EndProjectSection
EndProject
Project("{FAE04EC0-301F-11D3-BF4B-00C04F79EFBC}") = "WordPattern", "Easy\290. Word Pattern\WordPattern\WordPattern.csproj", "{A2657A18-F3EC-40B9-ABDA-B966E16B85F1}"
EndProject
Project("{FAE04EC0-301F-11D3-BF4B-00C04F79EFBC}") = "WordPattern.Tests", "Easy\290. Word Pattern\WordPattern.Tests\WordPattern.Tests.csproj", "{D7FE3591-B845-4CC0-A799-401BD3473677}"
EndProject
Project("{2150E333-8FDC-42A3-9474-1A3956D46DE8}") = "520. Detect Capital", "520. Detect Capital", "{C9AD058A-460E-4247-B80E-5725E365AD51}"
	ProjectSection(SolutionItems) = preProject
		Easy\520. Detect Capital\README.md = Easy\520. Detect Capital\README.md
	EndProjectSection
EndProject
Project("{FAE04EC0-301F-11D3-BF4B-00C04F79EFBC}") = "DetectCapital", "Easy\520. Detect Capital\DetectCapital\DetectCapital.csproj", "{ED947F91-B36D-4316-8FF9-B726131BC97A}"
EndProject
Project("{FAE04EC0-301F-11D3-BF4B-00C04F79EFBC}") = "DetectCapital.Tests", "Easy\520. Detect Capital\DetectCapital.Tests\DetectCapital.Tests.csproj", "{3D0C7DD3-D5C8-45A7-9B12-E4F25E70844D}"
EndProject
Project("{2150E333-8FDC-42A3-9474-1A3956D46DE8}") = "944. Delete Columns to Make Sorted", "944. Delete Columns to Make Sorted", "{F91F8798-EA41-426F-9BD8-979A9F7C7581}"
	ProjectSection(SolutionItems) = preProject
		Easy\944. Delete Columns to Make Sorted\README.md = Easy\944. Delete Columns to Make Sorted\README.md
	EndProjectSection
EndProject
Project("{FAE04EC0-301F-11D3-BF4B-00C04F79EFBC}") = "DeleteColumnsToMakeSorted", "Easy\944. Delete Columns to Make Sorted\DeleteColumnsToMakeSorted\DeleteColumnsToMakeSorted.csproj", "{19525087-484E-43FE-B4FA-B1E9350B7368}"
EndProject
Project("{FAE04EC0-301F-11D3-BF4B-00C04F79EFBC}") = "DeleteColumnsToMakeSorted.Tests", "Easy\944. Delete Columns to Make Sorted\DeleteColumnsToMakeSorted.Tests\DeleteColumnsToMakeSorted.Tests.csproj", "{84A87EC9-0B3A-4A91-A771-7BD249C00506}"
EndProject
Project("{2150E333-8FDC-42A3-9474-1A3956D46DE8}") = "2244. Minimum Rounds to Complete All Tasks", "2244. Minimum Rounds to Complete All Tasks", "{4B2E347B-74EE-4881-99A8-0EC2DD378E28}"
	ProjectSection(SolutionItems) = preProject
		Medium\2244. Minimum Rounds to Complete All Tasks\README.md = Medium\2244. Minimum Rounds to Complete All Tasks\README.md
	EndProjectSection
EndProject
Project("{FAE04EC0-301F-11D3-BF4B-00C04F79EFBC}") = "MinimumRoundsToCompleteAllTasks", "Medium\2244. Minimum Rounds to Complete All Tasks\MinimumRoundsToCompleteAllTasks\MinimumRoundsToCompleteAllTasks.csproj", "{C77E4652-384D-42EB-934D-8B696E328B99}"
EndProject
Project("{FAE04EC0-301F-11D3-BF4B-00C04F79EFBC}") = "MinimumRoundsToCompleteAllTasks.Tests", "Medium\2244. Minimum Rounds to Complete All Tasks\MinimumRoundsToCompleteAllTasks.Tests\MinimumRoundsToCompleteAllTasks.Tests.csproj", "{DD1A5D45-B756-41C8-B085-ACF0AE378C2E}"
EndProject
Project("{2150E333-8FDC-42A3-9474-1A3956D46DE8}") = "452. Minimum Number of Arrows to Burst Balloons", "452. Minimum Number of Arrows to Burst Balloons", "{67462D32-6907-4A29-B4C6-25D42CF1EABA}"
	ProjectSection(SolutionItems) = preProject
		Medium\452. Minimum Number of Arrows to Burst Balloons\README.md = Medium\452. Minimum Number of Arrows to Burst Balloons\README.md
	EndProjectSection
EndProject
Project("{FAE04EC0-301F-11D3-BF4B-00C04F79EFBC}") = "MinimumNumberOfArrowsToBurstBalloons", "Medium\452. Minimum Number of Arrows to Burst Balloons\MinimumNumberOfArrowsToBurstBalloons\MinimumNumberOfArrowsToBurstBalloons.csproj", "{216BFBB5-B8C8-4E06-871C-F9B0001EF2E6}"
EndProject
Project("{FAE04EC0-301F-11D3-BF4B-00C04F79EFBC}") = "MinimumNumberOfArrowsToBurstBalloons.Tests", "Medium\452. Minimum Number of Arrows to Burst Balloons\MinimumNumberOfArrowsToBurstBalloons.Tests\MinimumNumberOfArrowsToBurstBalloons.Tests.csproj", "{B7392F1E-03AE-4D4C-91A6-D4439558B037}"
EndProject
Project("{2150E333-8FDC-42A3-9474-1A3956D46DE8}") = "1833. Maximum Ice Cream Bars", "1833. Maximum Ice Cream Bars", "{1D2ECB67-176C-4147-8978-390B85FBF9DC}"
	ProjectSection(SolutionItems) = preProject
		Medium\1833. Maximum Ice Cream Bars\README.md = Medium\1833. Maximum Ice Cream Bars\README.md
	EndProjectSection
EndProject
Project("{FAE04EC0-301F-11D3-BF4B-00C04F79EFBC}") = "MaximumIceCreamBars", "Medium\1833. Maximum Ice Cream Bars\MaximumIceCreamBars\MaximumIceCreamBars.csproj", "{3E717269-DC13-4365-B523-55C9A6AFADD4}"
EndProject
Project("{FAE04EC0-301F-11D3-BF4B-00C04F79EFBC}") = "MaximumIceCreamBars.Tests", "Medium\1833. Maximum Ice Cream Bars\MaximumIceCreamBars.Tests\MaximumIceCreamBars.Tests.csproj", "{7A29ED6A-1309-44B3-B7A7-92347CE43924}"
EndProject
Project("{2150E333-8FDC-42A3-9474-1A3956D46DE8}") = "134. Gas Station", "134. Gas Station", "{1AAA1389-D739-436F-853A-4C07042C0ED0}"
	ProjectSection(SolutionItems) = preProject
		Medium\134. Gas Station\README.md = Medium\134. Gas Station\README.md
	EndProjectSection
EndProject
Project("{FAE04EC0-301F-11D3-BF4B-00C04F79EFBC}") = "GasStation", "Medium\134. Gas Station\GasStation\GasStation.csproj", "{5069E0A4-C9CF-4036-8756-B8A9DEBB93F2}"
EndProject
Project("{FAE04EC0-301F-11D3-BF4B-00C04F79EFBC}") = "GasStation.Tests", "Medium\134. Gas Station\GasStation.Tests\GasStation.Tests.csproj", "{002ABBF9-CCA1-425A-9822-A86FAE49EB7D}"
EndProject
Project("{2150E333-8FDC-42A3-9474-1A3956D46DE8}") = "149. Max Points on a Line", "149. Max Points on a Line", "{1171D45E-8BF6-42B4-B037-0404A8DB7B21}"
	ProjectSection(SolutionItems) = preProject
		Hard\149. Max Points on a Line\README.md = Hard\149. Max Points on a Line\README.md
	EndProjectSection
EndProject
Project("{FAE04EC0-301F-11D3-BF4B-00C04F79EFBC}") = "MaxPointsOnALine", "Hard\149. Max Points on a Line\MaxPointsOnALine\MaxPointsOnALine.csproj", "{5739F742-75B6-4E21-A1BF-FC9FE5859598}"
EndProject
Project("{FAE04EC0-301F-11D3-BF4B-00C04F79EFBC}") = "MaxPointsOnALine.Tests", "Hard\149. Max Points on a Line\MaxPointsOnALine.Tests\MaxPointsOnALine.Tests.csproj", "{1FCDAB83-2348-4685-B105-F4C741BAA34F}"
EndProject
Project("{2150E333-8FDC-42A3-9474-1A3956D46DE8}") = "2526. Find Consecutive Integers from a Data Stream", "2526. Find Consecutive Integers from a Data Stream", "{4CD71C78-83D8-4208-9E72-AE24A3A0B2C5}"
	ProjectSection(SolutionItems) = preProject
		Medium\2526. Find Consecutive Integers from a Data Stream\README.md = Medium\2526. Find Consecutive Integers from a Data Stream\README.md
	EndProjectSection
EndProject
Project("{FAE04EC0-301F-11D3-BF4B-00C04F79EFBC}") = "FindConsecutiveIntegersFromDataStream.Tests", "Medium\2526. Find Consecutive Integers from a Data Stream\FindConsecutiveIntegersFromDataStream.Tests\FindConsecutiveIntegersFromDataStream.Tests.csproj", "{FDFD63ED-4BCA-4D10-8E0B-BDDC78A8B45E}"
EndProject
Project("{FAE04EC0-301F-11D3-BF4B-00C04F79EFBC}") = "FindConsecutiveIntegersFromDataStream", "Medium\2526. Find Consecutive Integers from a Data Stream\FindConsecutiveIntegersFromDataStream\FindConsecutiveIntegersFromDataStream.csproj", "{9502319A-3F27-4CF6-89D5-E2CDA5205824}"
EndProject
Project("{2150E333-8FDC-42A3-9474-1A3956D46DE8}") = "2527. Find Xor-Beauty of Array", "2527. Find Xor-Beauty of Array", "{AC9B9239-9BF0-4BC4-A608-D08205A491BF}"
	ProjectSection(SolutionItems) = preProject
		Medium\2527. Find Xor-Beauty of Array\README.md = Medium\2527. Find Xor-Beauty of Array\README.md
	EndProjectSection
EndProject
Project("{FAE04EC0-301F-11D3-BF4B-00C04F79EFBC}") = "FindXor-BeautyOfArray", "Medium\2527. Find Xor-Beauty of Array\FindXor-BeautyOfArray\FindXor-BeautyOfArray.csproj", "{C41812AB-3C9A-4E50-835A-F90A9EF7F583}"
EndProject
Project("{FAE04EC0-301F-11D3-BF4B-00C04F79EFBC}") = "FindXor-BeautyOfArray.Tests", "Medium\2527. Find Xor-Beauty of Array\FindXor-BeautyOfArray.Tests\FindXor-BeautyOfArray.Tests.csproj", "{CC6D7AED-413D-4AF0-B5AF-4B4A2F401D0E}"
EndProject
Project("{2150E333-8FDC-42A3-9474-1A3956D46DE8}") = "144. Binary Tree Preorder Traversal", "144. Binary Tree Preorder Traversal", "{1D0BC43B-BE8E-42B3-A508-9B512ADDAF7C}"
	ProjectSection(SolutionItems) = preProject
		Easy\144. Binary Tree Preorder Traversal\README.md = Easy\144. Binary Tree Preorder Traversal\README.md
	EndProjectSection
EndProject
Project("{FAE04EC0-301F-11D3-BF4B-00C04F79EFBC}") = "BinaryTreePreorderTraversal", "Easy\144. Binary Tree Preorder Traversal\BinaryTreePreorderTraversal\BinaryTreePreorderTraversal.csproj", "{B9F80602-C68C-485A-9112-DC4E39187DA6}"
EndProject
Project("{FAE04EC0-301F-11D3-BF4B-00C04F79EFBC}") = "BinaryTreePreorderTraversal.Tests", "Easy\144. Binary Tree Preorder Traversal\BinaryTreePreorderTraversal.Tests\BinaryTreePreorderTraversal.Tests.csproj", "{F253608A-9057-4D20-B5B4-0A8BACEBD197}"
EndProject
Project("{2150E333-8FDC-42A3-9474-1A3956D46DE8}") = "100. Same Tree", "100. Same Tree", "{06105066-907E-4E68-8814-2905BD4E24FC}"
	ProjectSection(SolutionItems) = preProject
		Easy\100. Same Tree\README.md = Easy\100. Same Tree\README.md
	EndProjectSection
EndProject
Project("{FAE04EC0-301F-11D3-BF4B-00C04F79EFBC}") = "SameTree", "Easy\100. Same Tree\SameTree\SameTree.csproj", "{109F535F-93D1-48D9-855F-D0A12952F346}"
EndProject
Project("{FAE04EC0-301F-11D3-BF4B-00C04F79EFBC}") = "SameTree.Tests", "Easy\100. Same Tree\SameTree.Tests\SameTree.Tests.csproj", "{09315449-7219-4036-A8F5-9468CD2B9418}"
EndProject
Project("{2150E333-8FDC-42A3-9474-1A3956D46DE8}") = "1443. Minimum Time to Collect All Apples in a Tree", "1443. Minimum Time to Collect All Apples in a Tree", "{69AF033A-6FE2-44DF-A297-82C66155E256}"
	ProjectSection(SolutionItems) = preProject
		Medium\1443. Minimum Time to Collect All Apples in a Tree\README.md = Medium\1443. Minimum Time to Collect All Apples in a Tree\README.md
	EndProjectSection
EndProject
Project("{FAE04EC0-301F-11D3-BF4B-00C04F79EFBC}") = "MinimumTimeToCollectAllApplesInTree", "Medium\1443. Minimum Time to Collect All Apples in a Tree\MinimumTimeToCollectAllApplesInTree\MinimumTimeToCollectAllApplesInTree.csproj", "{D3D44565-6DE8-4550-8981-AA9E616AA67F}"
EndProject
Project("{FAE04EC0-301F-11D3-BF4B-00C04F79EFBC}") = "MinimumTimeToCollectAllApplesInTree.Tests", "Medium\1443. Minimum Time to Collect All Apples in a Tree\MinimumTimeToCollectAllApplesInTree.Tests\MinimumTimeToCollectAllApplesInTree.Tests.csproj", "{BF2D6CA5-C383-4413-B6AE-896491D81B53}"
EndProject
Project("{2150E333-8FDC-42A3-9474-1A3956D46DE8}") = "1519. Number of Nodes in the Sub-Tree With the Same Label", "1519. Number of Nodes in the Sub-Tree With the Same Label", "{BC322E94-DDD1-45A7-A67C-07ACF669EFF4}"
	ProjectSection(SolutionItems) = preProject
		Medium\1519. Number of Nodes in the Sub-Tree With the Same Label\README.md = Medium\1519. Number of Nodes in the Sub-Tree With the Same Label\README.md
	EndProjectSection
EndProject
Project("{FAE04EC0-301F-11D3-BF4B-00C04F79EFBC}") = "NumberOfNodesInTheSub-TreeWithTheSameLabel", "Medium\1519. Number of Nodes in the Sub-Tree With the Same Label\NumberOfNodesInTheSub-TreeWithTheSameLabel\NumberOfNodesInTheSub-TreeWithTheSameLabel.csproj", "{8D52BC3F-E2AA-42B4-B963-AB83A7DC8460}"
EndProject
Project("{FAE04EC0-301F-11D3-BF4B-00C04F79EFBC}") = "NumberOfNodesInTheSub-TreeWithTheSameLabel.Tests", "Medium\1519. Number of Nodes in the Sub-Tree With the Same Label\NumberOfNodesInTheSub-TreeWithTheSameLabel.Tests\NumberOfNodesInTheSub-TreeWithTheSameLabel.Tests.csproj", "{0BD0C339-C4DC-4917-A01C-B9DA4F17C9DB}"
EndProject
Project("{2150E333-8FDC-42A3-9474-1A3956D46DE8}") = "2246. Longest Path With Different Adjacent Characters", "2246. Longest Path With Different Adjacent Characters", "{5DEABD84-3CFB-4964-A76C-2F6B9436DE4E}"
	ProjectSection(SolutionItems) = preProject
		Hard\2246. Longest Path With Different Adjacent Characters\README.md = Hard\2246. Longest Path With Different Adjacent Characters\README.md
	EndProjectSection
EndProject
Project("{FAE04EC0-301F-11D3-BF4B-00C04F79EFBC}") = "LongestPathWithDifferentAdjacentCharacters", "Hard\2246. Longest Path With Different Adjacent Characters\LongestPathWithDifferentAdjacentCharacters\LongestPathWithDifferentAdjacentCharacters.csproj", "{5AA19E31-1751-462B-86B8-784D9793DBB2}"
EndProject
Project("{FAE04EC0-301F-11D3-BF4B-00C04F79EFBC}") = "LongestPathWithDifferentAdjacentCharacters.Tests", "Hard\2246. Longest Path With Different Adjacent Characters\LongestPathWithDifferentAdjacentCharacters.Tests\LongestPathWithDifferentAdjacentCharacters.Tests.csproj", "{8E67518A-236E-475F-B23F-C433BC362333}"
EndProject
Project("{2150E333-8FDC-42A3-9474-1A3956D46DE8}") = "1061. Lexicographically Smallest Equivalent String", "1061. Lexicographically Smallest Equivalent String", "{3700DC32-4565-4B72-9D17-296706A608DA}"
	ProjectSection(SolutionItems) = preProject
		Medium\1061. Lexicographically Smallest Equivalent String\README.md = Medium\1061. Lexicographically Smallest Equivalent String\README.md
	EndProjectSection
EndProject
Project("{FAE04EC0-301F-11D3-BF4B-00C04F79EFBC}") = "LexicographicallySmallestEquivalentString.Tests", "Medium\1061. Lexicographically Smallest Equivalent String\LexicographicallySmallestEquivalentString.Tests\LexicographicallySmallestEquivalentString.Tests.csproj", "{9CB8E007-F7F6-4272-AB46-D506AB762082}"
EndProject
Project("{FAE04EC0-301F-11D3-BF4B-00C04F79EFBC}") = "LexicographicallySmallestEquivalentString", "Medium\1061. Lexicographically Smallest Equivalent String\LexicographicallySmallestEquivalentString\LexicographicallySmallestEquivalentString.csproj", "{9591D4B4-6085-4780-9269-FE650252A352}"
EndProject
Project("{2150E333-8FDC-42A3-9474-1A3956D46DE8}") = "2421. Number of Good Paths", "2421. Number of Good Paths", "{AAF5C34D-2174-4DDD-9784-9C059D303425}"
	ProjectSection(SolutionItems) = preProject
		Hard\2421. Number of Good Paths\README.md = Hard\2421. Number of Good Paths\README.md
	EndProjectSection
EndProject
Project("{FAE04EC0-301F-11D3-BF4B-00C04F79EFBC}") = "NumberOfGoodPaths", "Hard\2421. Number of Good Paths\NumberOfGoodPaths\NumberOfGoodPaths.csproj", "{E8F5E0EF-6484-4130-98CD-B8854D421E60}"
EndProject
Project("{FAE04EC0-301F-11D3-BF4B-00C04F79EFBC}") = "NumberOfGoodPaths.Tests", "Hard\2421. Number of Good Paths\NumberOfGoodPaths.Tests\NumberOfGoodPaths.Tests.csproj", "{B6437483-0AA2-4A76-9B6B-93C63029F4D6}"
EndProject
Project("{2150E333-8FDC-42A3-9474-1A3956D46DE8}") = "57. Insert Interval", "57. Insert Interval", "{2D832961-00FA-4F3E-8224-0884E5849719}"
	ProjectSection(SolutionItems) = preProject
		Medium\57. Insert Interval\README.md = Medium\57. Insert Interval\README.md
	EndProjectSection
EndProject
Project("{FAE04EC0-301F-11D3-BF4B-00C04F79EFBC}") = "InsertInterval.Tests", "Medium\57. Insert Interval\InsertInterval.Tests\InsertInterval.Tests.csproj", "{97FF61FB-E5D2-4EED-9A0F-66B542C54E75}"
EndProject
Project("{FAE04EC0-301F-11D3-BF4B-00C04F79EFBC}") = "InsertInterval", "Medium\57. Insert Interval\InsertInterval\InsertInterval.csproj", "{2CC4E152-F4F0-4D3C-9E5D-023244B93EF8}"
EndProject
Project("{2150E333-8FDC-42A3-9474-1A3956D46DE8}") = "926. Flip String to Monotone Increasing", "926. Flip String to Monotone Increasing", "{71B0B967-1426-448C-9EC5-51479C1AD1B0}"
	ProjectSection(SolutionItems) = preProject
		Medium\926. Flip String to Monotone Increasing\README.md = Medium\926. Flip String to Monotone Increasing\README.md
	EndProjectSection
EndProject
Project("{FAE04EC0-301F-11D3-BF4B-00C04F79EFBC}") = "FlipStringToMonotoneIncreasing", "Medium\926. Flip String to Monotone Increasing\FlipStringToMonotoneIncreasing\FlipStringToMonotoneIncreasing.csproj", "{AAF0FEEC-174B-4E1B-BF81-6DFCCFA97849}"
EndProject
Project("{FAE04EC0-301F-11D3-BF4B-00C04F79EFBC}") = "FlipStringToMonotoneIncreasing.Tests", "Medium\926. Flip String to Monotone Increasing\FlipStringToMonotoneIncreasing.Tests\FlipStringToMonotoneIncreasing.Tests.csproj", "{55EB6878-CE35-4A34-BC63-50B649D633F3}"
EndProject
Project("{2150E333-8FDC-42A3-9474-1A3956D46DE8}") = "974. Subarray Sums Divisible by K", "974. Subarray Sums Divisible by K", "{7E42AD40-3069-4D8A-8893-47DD4E0C2386}"
	ProjectSection(SolutionItems) = preProject
		Medium\974. Subarray Sums Divisible by K\README.md = Medium\974. Subarray Sums Divisible by K\README.md
	EndProjectSection
EndProject
Project("{FAE04EC0-301F-11D3-BF4B-00C04F79EFBC}") = "SubarraySumsDivisibleByK", "Medium\974. Subarray Sums Divisible by K\SubarraySumsDivisibleByK\SubarraySumsDivisibleByK.csproj", "{B85A5B6C-DF78-4BE7-85DD-45B11E71DCF5}"
EndProject
Project("{FAE04EC0-301F-11D3-BF4B-00C04F79EFBC}") = "SubarraySumsDivisibleByK.Tests", "Medium\974. Subarray Sums Divisible by K\SubarraySumsDivisibleByK.Tests\SubarraySumsDivisibleByK.Tests.csproj", "{71E3BD73-1FFF-4B5C-BAE4-D773D938F005}"
EndProject
Project("{2150E333-8FDC-42A3-9474-1A3956D46DE8}") = "491. Non-decreasing Subsequences", "491. Non-decreasing Subsequences", "{6B629055-3BE0-4AD0-AF07-334CD34C8042}"
	ProjectSection(SolutionItems) = preProject
		Medium\491. Non-decreasing Subsequences\README.md = Medium\491. Non-decreasing Subsequences\README.md
	EndProjectSection
EndProject
Project("{FAE04EC0-301F-11D3-BF4B-00C04F79EFBC}") = "Non-decreasingSubsequences", "Medium\491. Non-decreasing Subsequences\Non-decreasingSubsequences\Non-decreasingSubsequences.csproj", "{977E1830-9B64-4A6C-B58B-725440FAFDC8}"
EndProject
Project("{FAE04EC0-301F-11D3-BF4B-00C04F79EFBC}") = "Non-decreasingSubsequences.Tests", "Medium\491. Non-decreasing Subsequences\Non-decreasingSubsequences.Tests\Non-decreasingSubsequences.Tests.csproj", "{848FBA94-DFA2-45F4-BDE3-E2B27CF5FC84}"
EndProject
Project("{2150E333-8FDC-42A3-9474-1A3956D46DE8}") = "93. Restore IP Addresses", "93. Restore IP Addresses", "{3475CE9C-F20C-4749-9352-A844379F0228}"
	ProjectSection(SolutionItems) = preProject
		Medium\93. Restore IP Addresses\README.md = Medium\93. Restore IP Addresses\README.md
	EndProjectSection
EndProject
Project("{FAE04EC0-301F-11D3-BF4B-00C04F79EFBC}") = "RestoreIPAddresses", "Medium\93. Restore IP Addresses\RestoreIPAddresses\RestoreIPAddresses.csproj", "{0C71E836-CE3F-4AC2-ADC1-5E2931FC5F73}"
EndProject
Project("{FAE04EC0-301F-11D3-BF4B-00C04F79EFBC}") = "RestoreIPAddresses.Tests", "Medium\93. Restore IP Addresses\RestoreIPAddresses.Tests\RestoreIPAddresses.Tests.csproj", "{6F921C72-CBD8-40C1-ABCC-1AA5EFD8EB71}"
EndProject
Project("{2150E333-8FDC-42A3-9474-1A3956D46DE8}") = "131. Palindrome Partitioning", "131. Palindrome Partitioning", "{AA20B587-81A8-4EF3-A05E-A95980F020EF}"
	ProjectSection(SolutionItems) = preProject
		Medium\131. Palindrome Partitioning\README.md = Medium\131. Palindrome Partitioning\README.md
	EndProjectSection
EndProject
Project("{FAE04EC0-301F-11D3-BF4B-00C04F79EFBC}") = "PalindromePartitioning", "Medium\131. Palindrome Partitioning\PalindromePartitioning\PalindromePartitioning.csproj", "{77906C3A-04FA-4916-8AD2-36C81BFC5641}"
EndProject
Project("{FAE04EC0-301F-11D3-BF4B-00C04F79EFBC}") = "PalindromePartitioning.Tests", "Medium\131. Palindrome Partitioning\PalindromePartitioning.Tests\PalindromePartitioning.Tests.csproj", "{5BF0FC45-6FDC-402C-9F97-31F2073ECC23}"
EndProject
Project("{2150E333-8FDC-42A3-9474-1A3956D46DE8}") = "2542. Maximum Subsequence Score", "2542. Maximum Subsequence Score", "{1D092FA0-94B2-4537-B21C-25BA55B76047}"
	ProjectSection(SolutionItems) = preProject
		Medium\2542. Maximum Subsequence Score\README.md = Medium\2542. Maximum Subsequence Score\README.md
	EndProjectSection
EndProject
Project("{FAE04EC0-301F-11D3-BF4B-00C04F79EFBC}") = "MaximumSubsequenceScore", "Medium\2542. Maximum Subsequence Score\MaximumSubsequenceScore\MaximumSubsequenceScore.csproj", "{CDE6DC0F-4BC6-4EAF-8E02-6A755069C7AD}"
EndProject
Project("{FAE04EC0-301F-11D3-BF4B-00C04F79EFBC}") = "MaximumSubsequenceScore.Tests", "Medium\2542. Maximum Subsequence Score\MaximumSubsequenceScore.Tests\MaximumSubsequenceScore.Tests.csproj", "{4A66137C-1888-4824-97F1-CEF3229FD2E4}"
EndProject
Project("{2150E333-8FDC-42A3-9474-1A3956D46DE8}") = "997. Find the Town Judge", "997. Find the Town Judge", "{9C00F84E-ED6D-444D-940E-770958DDBDF8}"
	ProjectSection(SolutionItems) = preProject
		Easy\997. Find the Town Judge\README.md = Easy\997. Find the Town Judge\README.md
	EndProjectSection
EndProject
Project("{FAE04EC0-301F-11D3-BF4B-00C04F79EFBC}") = "FindTheTownJudge", "Easy\997. Find the Town Judge\FindTheTownJudge\FindTheTownJudge.csproj", "{0171B361-BE63-4A58-B9B5-C5F5CA6BB35F}"
EndProject
Project("{FAE04EC0-301F-11D3-BF4B-00C04F79EFBC}") = "FindTheTownJudge.Tests", "Easy\997. Find the Town Judge\FindTheTownJudge.Tests\FindTheTownJudge.Tests.csproj", "{C96881D2-A4D3-4EB0-B75E-D32E5A127996}"
EndProject
Project("{2150E333-8FDC-42A3-9474-1A3956D46DE8}") = "2359. Find Closest Node to Given Two Nodes", "2359. Find Closest Node to Given Two Nodes", "{D378A512-2F1B-4BDF-B4D2-9A8EBCD10909}"
	ProjectSection(SolutionItems) = preProject
		Medium\2359. Find Closest Node to Given Two Nodes\README.md = Medium\2359. Find Closest Node to Given Two Nodes\README.md
	EndProjectSection
EndProject
Project("{FAE04EC0-301F-11D3-BF4B-00C04F79EFBC}") = "FindClosestNodeToGivenTwoNodes", "Medium\2359. Find Closest Node to Given Two Nodes\FindClosestNodeToGivenTwoNodes\FindClosestNodeToGivenTwoNodes.csproj", "{FC39F1B3-95BB-4A6A-BAA4-B995E27902BD}"
EndProject
Project("{FAE04EC0-301F-11D3-BF4B-00C04F79EFBC}") = "FindClosestNodeToGivenTwoNodes.Tests", "Medium\2359. Find Closest Node to Given Two Nodes\FindClosestNodeToGivenTwoNodes.Tests\FindClosestNodeToGivenTwoNodes.Tests.csproj", "{E205A67C-860A-4DAC-8918-9F9C2C6AE036}"
EndProject
Global
	GlobalSection(SolutionConfigurationPlatforms) = preSolution
		Debug|Any CPU = Debug|Any CPU
		Release|Any CPU = Release|Any CPU
	EndGlobalSection
	GlobalSection(NestedProjects) = preSolution
		{BFA3822E-A6BB-450C-8941-86E75483B18B} = {D36D72AA-1FCE-4A04-867F-8ADC59CDAD25}
		{1A819BB2-78F2-41AC-910D-0C17D17FDAFC} = {BFA3822E-A6BB-450C-8941-86E75483B18B}
		{4F710916-48D2-4915-AC5A-67034B7336E9} = {BFA3822E-A6BB-450C-8941-86E75483B18B}
		{A2F58697-4B46-45FD-9431-8E5F7AC09767} = {547967A9-010C-4AFD-8A71-2D3D47EEBE8D}
		{B30E2F6F-CF0C-4687-96DB-36A7F1EF6305} = {A2F58697-4B46-45FD-9431-8E5F7AC09767}
		{91C30459-242E-46F4-9347-4B803525D08D} = {A2F58697-4B46-45FD-9431-8E5F7AC09767}
		{AA9232FF-B16D-466C-B9F4-73AC81EFBD51} = {81E5774C-D5A5-4A67-86AD-91222C92D988}
		{11441618-C1A5-45F2-9414-41C274B0E8C0} = {AA9232FF-B16D-466C-B9F4-73AC81EFBD51}
		{E9BA61ED-73E4-4794-8A9A-5CCED49F61E5} = {AA9232FF-B16D-466C-B9F4-73AC81EFBD51}
		{3A943A3F-9E77-4127-866D-18E18928F5ED} = {D36D72AA-1FCE-4A04-867F-8ADC59CDAD25}
		{2C42AD41-ADB7-43A4-BF70-C2BA0F836223} = {3A943A3F-9E77-4127-866D-18E18928F5ED}
		{C037A956-697A-412E-8A9B-FAE2D1CA0471} = {3A943A3F-9E77-4127-866D-18E18928F5ED}
		{DA0D0E67-E69C-4DA7-A690-65C7C1653924} = {D36D72AA-1FCE-4A04-867F-8ADC59CDAD25}
		{23F9D102-37C2-4F3B-9EEC-EC28FCC11AD9} = {DA0D0E67-E69C-4DA7-A690-65C7C1653924}
		{8D26D2C9-B70C-4F4E-A1CB-AB7364052D68} = {DA0D0E67-E69C-4DA7-A690-65C7C1653924}
		{4071038E-93C3-4E80-8985-684EBA37765C} = {81E5774C-D5A5-4A67-86AD-91222C92D988}
		{9DFB1F64-CED8-4727-92E2-0297E28A50ED} = {4071038E-93C3-4E80-8985-684EBA37765C}
		{D547A312-C568-4E45-B0B4-ECF277570D61} = {4071038E-93C3-4E80-8985-684EBA37765C}
		{26FFDCBC-B5D7-49C1-A04A-F2CC71D21612} = {D36D72AA-1FCE-4A04-867F-8ADC59CDAD25}
		{BF9BA96A-DE25-401A-8EE7-2F4E2686A798} = {26FFDCBC-B5D7-49C1-A04A-F2CC71D21612}
		{DA8AA4BE-49ED-4808-BF6F-5EA91C0CA523} = {26FFDCBC-B5D7-49C1-A04A-F2CC71D21612}
		{CBE3C0EF-DB14-4E4B-976D-9422D41EBDD6} = {D36D72AA-1FCE-4A04-867F-8ADC59CDAD25}
		{2BA0F9CE-04B0-4897-98E4-84A8488CFA5E} = {CBE3C0EF-DB14-4E4B-976D-9422D41EBDD6}
		{E251BEA4-5FD3-4DAE-B0A1-2D78A36FEF31} = {CBE3C0EF-DB14-4E4B-976D-9422D41EBDD6}
		{786E32F3-5C09-42A5-B0BB-179CBCAC071A} = {547967A9-010C-4AFD-8A71-2D3D47EEBE8D}
		{F3DBEF6D-5F67-4F05-BD81-90568BE70202} = {786E32F3-5C09-42A5-B0BB-179CBCAC071A}
		{2C3B934A-3EDD-4758-A160-9622696E8250} = {786E32F3-5C09-42A5-B0BB-179CBCAC071A}
		{8146A80B-EE85-44E4-A151-0C304A136B5D} = {81E5774C-D5A5-4A67-86AD-91222C92D988}
		{B5EEFC91-5503-43CA-9EFD-EF97740718B4} = {8146A80B-EE85-44E4-A151-0C304A136B5D}
		{770A751A-EA16-4DC3-9A9B-8E1D7AF75A36} = {8146A80B-EE85-44E4-A151-0C304A136B5D}
		{DD013EC3-F9F8-4E07-8E29-F3624A0F1021} = {D36D72AA-1FCE-4A04-867F-8ADC59CDAD25}
		{F0657077-9F4C-42EB-B9AF-034477840270} = {DD013EC3-F9F8-4E07-8E29-F3624A0F1021}
		{6741977E-29A7-4CCF-89CD-02F04A40FD46} = {DD013EC3-F9F8-4E07-8E29-F3624A0F1021}
		{D3B46093-0A31-4B42-B277-B695FF8BBC2D} = {D36D72AA-1FCE-4A04-867F-8ADC59CDAD25}
		{510B9F66-5C31-4FC7-9DA8-A7AC1355F861} = {D3B46093-0A31-4B42-B277-B695FF8BBC2D}
		{F3B453CF-6DAA-4F18-974E-172B593FA067} = {D3B46093-0A31-4B42-B277-B695FF8BBC2D}
		{602371A8-94D6-47A1-B3AE-4456BF3927CA} = {547967A9-010C-4AFD-8A71-2D3D47EEBE8D}
		{F656733F-AD03-42BF-A2C2-7A3D46C89F3B} = {602371A8-94D6-47A1-B3AE-4456BF3927CA}
		{5DCF7BF4-43BD-4689-87A5-33F426F9029B} = {602371A8-94D6-47A1-B3AE-4456BF3927CA}
		{A4EAAC45-CB44-44B8-8BCC-222AD86AE69B} = {D36D72AA-1FCE-4A04-867F-8ADC59CDAD25}
		{F51D284D-6BAF-4D23-940E-82FFE94DFAFD} = {A4EAAC45-CB44-44B8-8BCC-222AD86AE69B}
		{C4A81A43-E7CB-4AEF-A1DA-07134D2FEE14} = {A4EAAC45-CB44-44B8-8BCC-222AD86AE69B}
		{69916BD1-8B41-429F-BAA4-95268D957B49} = {D36D72AA-1FCE-4A04-867F-8ADC59CDAD25}
		{67AA66EC-F526-4F7B-A6D5-85D7371EE85B} = {69916BD1-8B41-429F-BAA4-95268D957B49}
		{E67AA891-E23E-4585-AA24-A61DF41D12FF} = {69916BD1-8B41-429F-BAA4-95268D957B49}
		{2E7584DC-6C45-4E6F-ABEB-FCE2F186D2D6} = {81E5774C-D5A5-4A67-86AD-91222C92D988}
		{242B6750-17FB-4BA1-89E9-441CA5AAB132} = {2E7584DC-6C45-4E6F-ABEB-FCE2F186D2D6}
		{AC3798D8-F61D-4179-B10C-E36FDBE16A26} = {2E7584DC-6C45-4E6F-ABEB-FCE2F186D2D6}
		{6CDDE71D-CD88-4852-A86C-0EAAA74E5E6D} = {D36D72AA-1FCE-4A04-867F-8ADC59CDAD25}
		{686CBF87-EA61-4789-974B-F4D14C836178} = {6CDDE71D-CD88-4852-A86C-0EAAA74E5E6D}
		{458BAD3B-8C97-4907-B12E-1149D07CB147} = {6CDDE71D-CD88-4852-A86C-0EAAA74E5E6D}
		{7C89B3D7-F503-4C84-93BC-8743ABACF5D9} = {D36D72AA-1FCE-4A04-867F-8ADC59CDAD25}
		{69A535AE-0890-475F-9D8F-16D39482E17C} = {7C89B3D7-F503-4C84-93BC-8743ABACF5D9}
		{3578B1CD-D61B-40DE-BCEC-DB537A7C41C8} = {7C89B3D7-F503-4C84-93BC-8743ABACF5D9}
		{8A33B8B1-8CBB-46C3-9403-FC0EEA973B37} = {D36D72AA-1FCE-4A04-867F-8ADC59CDAD25}
		{32D6E04B-D2B7-4417-B740-0258FD49A4BE} = {8A33B8B1-8CBB-46C3-9403-FC0EEA973B37}
		{8ECD38E9-60D1-4169-BBF2-80D191A83CB1} = {8A33B8B1-8CBB-46C3-9403-FC0EEA973B37}
		{1F9326D4-4188-4BFF-807F-278BA77A028E} = {D36D72AA-1FCE-4A04-867F-8ADC59CDAD25}
		{4FE1F758-6995-4FED-A242-036C2E74DBA4} = {1F9326D4-4188-4BFF-807F-278BA77A028E}
		{C1CFA5B6-CD9E-49FF-9C50-786880581AD5} = {1F9326D4-4188-4BFF-807F-278BA77A028E}
		{CC01221A-6DC5-4666-9364-52AF468E5B84} = {81E5774C-D5A5-4A67-86AD-91222C92D988}
		{A2657A18-F3EC-40B9-ABDA-B966E16B85F1} = {CC01221A-6DC5-4666-9364-52AF468E5B84}
		{D7FE3591-B845-4CC0-A799-401BD3473677} = {CC01221A-6DC5-4666-9364-52AF468E5B84}
		{C9AD058A-460E-4247-B80E-5725E365AD51} = {81E5774C-D5A5-4A67-86AD-91222C92D988}
		{ED947F91-B36D-4316-8FF9-B726131BC97A} = {C9AD058A-460E-4247-B80E-5725E365AD51}
		{3D0C7DD3-D5C8-45A7-9B12-E4F25E70844D} = {C9AD058A-460E-4247-B80E-5725E365AD51}
		{F91F8798-EA41-426F-9BD8-979A9F7C7581} = {81E5774C-D5A5-4A67-86AD-91222C92D988}
		{19525087-484E-43FE-B4FA-B1E9350B7368} = {F91F8798-EA41-426F-9BD8-979A9F7C7581}
		{84A87EC9-0B3A-4A91-A771-7BD249C00506} = {F91F8798-EA41-426F-9BD8-979A9F7C7581}
		{4B2E347B-74EE-4881-99A8-0EC2DD378E28} = {D36D72AA-1FCE-4A04-867F-8ADC59CDAD25}
		{C77E4652-384D-42EB-934D-8B696E328B99} = {4B2E347B-74EE-4881-99A8-0EC2DD378E28}
		{DD1A5D45-B756-41C8-B085-ACF0AE378C2E} = {4B2E347B-74EE-4881-99A8-0EC2DD378E28}
		{67462D32-6907-4A29-B4C6-25D42CF1EABA} = {D36D72AA-1FCE-4A04-867F-8ADC59CDAD25}
		{216BFBB5-B8C8-4E06-871C-F9B0001EF2E6} = {67462D32-6907-4A29-B4C6-25D42CF1EABA}
		{B7392F1E-03AE-4D4C-91A6-D4439558B037} = {67462D32-6907-4A29-B4C6-25D42CF1EABA}
		{1D2ECB67-176C-4147-8978-390B85FBF9DC} = {D36D72AA-1FCE-4A04-867F-8ADC59CDAD25}
		{3E717269-DC13-4365-B523-55C9A6AFADD4} = {1D2ECB67-176C-4147-8978-390B85FBF9DC}
		{7A29ED6A-1309-44B3-B7A7-92347CE43924} = {1D2ECB67-176C-4147-8978-390B85FBF9DC}
		{1AAA1389-D739-436F-853A-4C07042C0ED0} = {D36D72AA-1FCE-4A04-867F-8ADC59CDAD25}
		{5069E0A4-C9CF-4036-8756-B8A9DEBB93F2} = {1AAA1389-D739-436F-853A-4C07042C0ED0}
		{002ABBF9-CCA1-425A-9822-A86FAE49EB7D} = {1AAA1389-D739-436F-853A-4C07042C0ED0}
		{1171D45E-8BF6-42B4-B037-0404A8DB7B21} = {547967A9-010C-4AFD-8A71-2D3D47EEBE8D}
		{5739F742-75B6-4E21-A1BF-FC9FE5859598} = {1171D45E-8BF6-42B4-B037-0404A8DB7B21}
		{1FCDAB83-2348-4685-B105-F4C741BAA34F} = {1171D45E-8BF6-42B4-B037-0404A8DB7B21}
		{4CD71C78-83D8-4208-9E72-AE24A3A0B2C5} = {D36D72AA-1FCE-4A04-867F-8ADC59CDAD25}
		{FDFD63ED-4BCA-4D10-8E0B-BDDC78A8B45E} = {4CD71C78-83D8-4208-9E72-AE24A3A0B2C5}
		{9502319A-3F27-4CF6-89D5-E2CDA5205824} = {4CD71C78-83D8-4208-9E72-AE24A3A0B2C5}
		{AC9B9239-9BF0-4BC4-A608-D08205A491BF} = {D36D72AA-1FCE-4A04-867F-8ADC59CDAD25}
		{C41812AB-3C9A-4E50-835A-F90A9EF7F583} = {AC9B9239-9BF0-4BC4-A608-D08205A491BF}
		{CC6D7AED-413D-4AF0-B5AF-4B4A2F401D0E} = {AC9B9239-9BF0-4BC4-A608-D08205A491BF}
		{1D0BC43B-BE8E-42B3-A508-9B512ADDAF7C} = {81E5774C-D5A5-4A67-86AD-91222C92D988}
		{B9F80602-C68C-485A-9112-DC4E39187DA6} = {1D0BC43B-BE8E-42B3-A508-9B512ADDAF7C}
		{F253608A-9057-4D20-B5B4-0A8BACEBD197} = {1D0BC43B-BE8E-42B3-A508-9B512ADDAF7C}
		{06105066-907E-4E68-8814-2905BD4E24FC} = {81E5774C-D5A5-4A67-86AD-91222C92D988}
		{109F535F-93D1-48D9-855F-D0A12952F346} = {06105066-907E-4E68-8814-2905BD4E24FC}
		{09315449-7219-4036-A8F5-9468CD2B9418} = {06105066-907E-4E68-8814-2905BD4E24FC}
		{69AF033A-6FE2-44DF-A297-82C66155E256} = {D36D72AA-1FCE-4A04-867F-8ADC59CDAD25}
		{D3D44565-6DE8-4550-8981-AA9E616AA67F} = {69AF033A-6FE2-44DF-A297-82C66155E256}
		{BF2D6CA5-C383-4413-B6AE-896491D81B53} = {69AF033A-6FE2-44DF-A297-82C66155E256}
		{BC322E94-DDD1-45A7-A67C-07ACF669EFF4} = {D36D72AA-1FCE-4A04-867F-8ADC59CDAD25}
		{8D52BC3F-E2AA-42B4-B963-AB83A7DC8460} = {BC322E94-DDD1-45A7-A67C-07ACF669EFF4}
		{0BD0C339-C4DC-4917-A01C-B9DA4F17C9DB} = {BC322E94-DDD1-45A7-A67C-07ACF669EFF4}
		{5DEABD84-3CFB-4964-A76C-2F6B9436DE4E} = {547967A9-010C-4AFD-8A71-2D3D47EEBE8D}
		{5AA19E31-1751-462B-86B8-784D9793DBB2} = {5DEABD84-3CFB-4964-A76C-2F6B9436DE4E}
		{8E67518A-236E-475F-B23F-C433BC362333} = {5DEABD84-3CFB-4964-A76C-2F6B9436DE4E}
		{3700DC32-4565-4B72-9D17-296706A608DA} = {D36D72AA-1FCE-4A04-867F-8ADC59CDAD25}
		{9CB8E007-F7F6-4272-AB46-D506AB762082} = {3700DC32-4565-4B72-9D17-296706A608DA}
		{9591D4B4-6085-4780-9269-FE650252A352} = {3700DC32-4565-4B72-9D17-296706A608DA}
		{AAF5C34D-2174-4DDD-9784-9C059D303425} = {547967A9-010C-4AFD-8A71-2D3D47EEBE8D}
		{E8F5E0EF-6484-4130-98CD-B8854D421E60} = {AAF5C34D-2174-4DDD-9784-9C059D303425}
		{B6437483-0AA2-4A76-9B6B-93C63029F4D6} = {AAF5C34D-2174-4DDD-9784-9C059D303425}
		{2D832961-00FA-4F3E-8224-0884E5849719} = {D36D72AA-1FCE-4A04-867F-8ADC59CDAD25}
		{97FF61FB-E5D2-4EED-9A0F-66B542C54E75} = {2D832961-00FA-4F3E-8224-0884E5849719}
		{2CC4E152-F4F0-4D3C-9E5D-023244B93EF8} = {2D832961-00FA-4F3E-8224-0884E5849719}
		{71B0B967-1426-448C-9EC5-51479C1AD1B0} = {D36D72AA-1FCE-4A04-867F-8ADC59CDAD25}
		{AAF0FEEC-174B-4E1B-BF81-6DFCCFA97849} = {71B0B967-1426-448C-9EC5-51479C1AD1B0}
		{55EB6878-CE35-4A34-BC63-50B649D633F3} = {71B0B967-1426-448C-9EC5-51479C1AD1B0}
		{7E42AD40-3069-4D8A-8893-47DD4E0C2386} = {D36D72AA-1FCE-4A04-867F-8ADC59CDAD25}
		{B85A5B6C-DF78-4BE7-85DD-45B11E71DCF5} = {7E42AD40-3069-4D8A-8893-47DD4E0C2386}
		{71E3BD73-1FFF-4B5C-BAE4-D773D938F005} = {7E42AD40-3069-4D8A-8893-47DD4E0C2386}
		{6B629055-3BE0-4AD0-AF07-334CD34C8042} = {D36D72AA-1FCE-4A04-867F-8ADC59CDAD25}
		{977E1830-9B64-4A6C-B58B-725440FAFDC8} = {6B629055-3BE0-4AD0-AF07-334CD34C8042}
		{848FBA94-DFA2-45F4-BDE3-E2B27CF5FC84} = {6B629055-3BE0-4AD0-AF07-334CD34C8042}
		{3475CE9C-F20C-4749-9352-A844379F0228} = {D36D72AA-1FCE-4A04-867F-8ADC59CDAD25}
		{0C71E836-CE3F-4AC2-ADC1-5E2931FC5F73} = {3475CE9C-F20C-4749-9352-A844379F0228}
		{6F921C72-CBD8-40C1-ABCC-1AA5EFD8EB71} = {3475CE9C-F20C-4749-9352-A844379F0228}
		{AA20B587-81A8-4EF3-A05E-A95980F020EF} = {D36D72AA-1FCE-4A04-867F-8ADC59CDAD25}
		{77906C3A-04FA-4916-8AD2-36C81BFC5641} = {AA20B587-81A8-4EF3-A05E-A95980F020EF}
		{5BF0FC45-6FDC-402C-9F97-31F2073ECC23} = {AA20B587-81A8-4EF3-A05E-A95980F020EF}
		{1D092FA0-94B2-4537-B21C-25BA55B76047} = {D36D72AA-1FCE-4A04-867F-8ADC59CDAD25}
		{CDE6DC0F-4BC6-4EAF-8E02-6A755069C7AD} = {1D092FA0-94B2-4537-B21C-25BA55B76047}
		{4A66137C-1888-4824-97F1-CEF3229FD2E4} = {1D092FA0-94B2-4537-B21C-25BA55B76047}
		{9C00F84E-ED6D-444D-940E-770958DDBDF8} = {81E5774C-D5A5-4A67-86AD-91222C92D988}
		{0171B361-BE63-4A58-B9B5-C5F5CA6BB35F} = {9C00F84E-ED6D-444D-940E-770958DDBDF8}
		{C96881D2-A4D3-4EB0-B75E-D32E5A127996} = {9C00F84E-ED6D-444D-940E-770958DDBDF8}
		{D378A512-2F1B-4BDF-B4D2-9A8EBCD10909} = {D36D72AA-1FCE-4A04-867F-8ADC59CDAD25}
		{FC39F1B3-95BB-4A6A-BAA4-B995E27902BD} = {D378A512-2F1B-4BDF-B4D2-9A8EBCD10909}
		{E205A67C-860A-4DAC-8918-9F9C2C6AE036} = {D378A512-2F1B-4BDF-B4D2-9A8EBCD10909}
	EndGlobalSection
	GlobalSection(ProjectConfigurationPlatforms) = postSolution
		{1A819BB2-78F2-41AC-910D-0C17D17FDAFC}.Debug|Any CPU.ActiveCfg = Debug|Any CPU
		{1A819BB2-78F2-41AC-910D-0C17D17FDAFC}.Debug|Any CPU.Build.0 = Debug|Any CPU
		{1A819BB2-78F2-41AC-910D-0C17D17FDAFC}.Release|Any CPU.ActiveCfg = Release|Any CPU
		{1A819BB2-78F2-41AC-910D-0C17D17FDAFC}.Release|Any CPU.Build.0 = Release|Any CPU
		{4F710916-48D2-4915-AC5A-67034B7336E9}.Debug|Any CPU.ActiveCfg = Debug|Any CPU
		{4F710916-48D2-4915-AC5A-67034B7336E9}.Debug|Any CPU.Build.0 = Debug|Any CPU
		{4F710916-48D2-4915-AC5A-67034B7336E9}.Release|Any CPU.ActiveCfg = Release|Any CPU
		{4F710916-48D2-4915-AC5A-67034B7336E9}.Release|Any CPU.Build.0 = Release|Any CPU
		{B30E2F6F-CF0C-4687-96DB-36A7F1EF6305}.Debug|Any CPU.ActiveCfg = Debug|Any CPU
		{B30E2F6F-CF0C-4687-96DB-36A7F1EF6305}.Debug|Any CPU.Build.0 = Debug|Any CPU
		{B30E2F6F-CF0C-4687-96DB-36A7F1EF6305}.Release|Any CPU.ActiveCfg = Release|Any CPU
		{B30E2F6F-CF0C-4687-96DB-36A7F1EF6305}.Release|Any CPU.Build.0 = Release|Any CPU
		{91C30459-242E-46F4-9347-4B803525D08D}.Debug|Any CPU.ActiveCfg = Debug|Any CPU
		{91C30459-242E-46F4-9347-4B803525D08D}.Debug|Any CPU.Build.0 = Debug|Any CPU
		{91C30459-242E-46F4-9347-4B803525D08D}.Release|Any CPU.ActiveCfg = Release|Any CPU
		{91C30459-242E-46F4-9347-4B803525D08D}.Release|Any CPU.Build.0 = Release|Any CPU
		{11441618-C1A5-45F2-9414-41C274B0E8C0}.Debug|Any CPU.ActiveCfg = Debug|Any CPU
		{11441618-C1A5-45F2-9414-41C274B0E8C0}.Debug|Any CPU.Build.0 = Debug|Any CPU
		{11441618-C1A5-45F2-9414-41C274B0E8C0}.Release|Any CPU.ActiveCfg = Release|Any CPU
		{11441618-C1A5-45F2-9414-41C274B0E8C0}.Release|Any CPU.Build.0 = Release|Any CPU
		{E9BA61ED-73E4-4794-8A9A-5CCED49F61E5}.Debug|Any CPU.ActiveCfg = Debug|Any CPU
		{E9BA61ED-73E4-4794-8A9A-5CCED49F61E5}.Debug|Any CPU.Build.0 = Debug|Any CPU
		{E9BA61ED-73E4-4794-8A9A-5CCED49F61E5}.Release|Any CPU.ActiveCfg = Release|Any CPU
		{E9BA61ED-73E4-4794-8A9A-5CCED49F61E5}.Release|Any CPU.Build.0 = Release|Any CPU
		{2C42AD41-ADB7-43A4-BF70-C2BA0F836223}.Debug|Any CPU.ActiveCfg = Debug|Any CPU
		{2C42AD41-ADB7-43A4-BF70-C2BA0F836223}.Debug|Any CPU.Build.0 = Debug|Any CPU
		{2C42AD41-ADB7-43A4-BF70-C2BA0F836223}.Release|Any CPU.ActiveCfg = Release|Any CPU
		{2C42AD41-ADB7-43A4-BF70-C2BA0F836223}.Release|Any CPU.Build.0 = Release|Any CPU
		{C037A956-697A-412E-8A9B-FAE2D1CA0471}.Debug|Any CPU.ActiveCfg = Debug|Any CPU
		{C037A956-697A-412E-8A9B-FAE2D1CA0471}.Debug|Any CPU.Build.0 = Debug|Any CPU
		{C037A956-697A-412E-8A9B-FAE2D1CA0471}.Release|Any CPU.ActiveCfg = Release|Any CPU
		{C037A956-697A-412E-8A9B-FAE2D1CA0471}.Release|Any CPU.Build.0 = Release|Any CPU
		{23F9D102-37C2-4F3B-9EEC-EC28FCC11AD9}.Debug|Any CPU.ActiveCfg = Debug|Any CPU
		{23F9D102-37C2-4F3B-9EEC-EC28FCC11AD9}.Debug|Any CPU.Build.0 = Debug|Any CPU
		{23F9D102-37C2-4F3B-9EEC-EC28FCC11AD9}.Release|Any CPU.ActiveCfg = Release|Any CPU
		{23F9D102-37C2-4F3B-9EEC-EC28FCC11AD9}.Release|Any CPU.Build.0 = Release|Any CPU
		{8D26D2C9-B70C-4F4E-A1CB-AB7364052D68}.Debug|Any CPU.ActiveCfg = Debug|Any CPU
		{8D26D2C9-B70C-4F4E-A1CB-AB7364052D68}.Debug|Any CPU.Build.0 = Debug|Any CPU
		{8D26D2C9-B70C-4F4E-A1CB-AB7364052D68}.Release|Any CPU.ActiveCfg = Release|Any CPU
		{8D26D2C9-B70C-4F4E-A1CB-AB7364052D68}.Release|Any CPU.Build.0 = Release|Any CPU
		{9DFB1F64-CED8-4727-92E2-0297E28A50ED}.Debug|Any CPU.ActiveCfg = Debug|Any CPU
		{9DFB1F64-CED8-4727-92E2-0297E28A50ED}.Debug|Any CPU.Build.0 = Debug|Any CPU
		{9DFB1F64-CED8-4727-92E2-0297E28A50ED}.Release|Any CPU.ActiveCfg = Release|Any CPU
		{9DFB1F64-CED8-4727-92E2-0297E28A50ED}.Release|Any CPU.Build.0 = Release|Any CPU
		{D547A312-C568-4E45-B0B4-ECF277570D61}.Debug|Any CPU.ActiveCfg = Debug|Any CPU
		{D547A312-C568-4E45-B0B4-ECF277570D61}.Debug|Any CPU.Build.0 = Debug|Any CPU
		{D547A312-C568-4E45-B0B4-ECF277570D61}.Release|Any CPU.ActiveCfg = Release|Any CPU
		{D547A312-C568-4E45-B0B4-ECF277570D61}.Release|Any CPU.Build.0 = Release|Any CPU
		{BF9BA96A-DE25-401A-8EE7-2F4E2686A798}.Debug|Any CPU.ActiveCfg = Debug|Any CPU
		{BF9BA96A-DE25-401A-8EE7-2F4E2686A798}.Debug|Any CPU.Build.0 = Debug|Any CPU
		{BF9BA96A-DE25-401A-8EE7-2F4E2686A798}.Release|Any CPU.ActiveCfg = Release|Any CPU
		{BF9BA96A-DE25-401A-8EE7-2F4E2686A798}.Release|Any CPU.Build.0 = Release|Any CPU
		{DA8AA4BE-49ED-4808-BF6F-5EA91C0CA523}.Debug|Any CPU.ActiveCfg = Debug|Any CPU
		{DA8AA4BE-49ED-4808-BF6F-5EA91C0CA523}.Debug|Any CPU.Build.0 = Debug|Any CPU
		{DA8AA4BE-49ED-4808-BF6F-5EA91C0CA523}.Release|Any CPU.ActiveCfg = Release|Any CPU
		{DA8AA4BE-49ED-4808-BF6F-5EA91C0CA523}.Release|Any CPU.Build.0 = Release|Any CPU
		{2BA0F9CE-04B0-4897-98E4-84A8488CFA5E}.Debug|Any CPU.ActiveCfg = Debug|Any CPU
		{2BA0F9CE-04B0-4897-98E4-84A8488CFA5E}.Debug|Any CPU.Build.0 = Debug|Any CPU
		{2BA0F9CE-04B0-4897-98E4-84A8488CFA5E}.Release|Any CPU.ActiveCfg = Release|Any CPU
		{2BA0F9CE-04B0-4897-98E4-84A8488CFA5E}.Release|Any CPU.Build.0 = Release|Any CPU
		{E251BEA4-5FD3-4DAE-B0A1-2D78A36FEF31}.Debug|Any CPU.ActiveCfg = Debug|Any CPU
		{E251BEA4-5FD3-4DAE-B0A1-2D78A36FEF31}.Debug|Any CPU.Build.0 = Debug|Any CPU
		{E251BEA4-5FD3-4DAE-B0A1-2D78A36FEF31}.Release|Any CPU.ActiveCfg = Release|Any CPU
		{E251BEA4-5FD3-4DAE-B0A1-2D78A36FEF31}.Release|Any CPU.Build.0 = Release|Any CPU
		{F3DBEF6D-5F67-4F05-BD81-90568BE70202}.Debug|Any CPU.ActiveCfg = Debug|Any CPU
		{F3DBEF6D-5F67-4F05-BD81-90568BE70202}.Debug|Any CPU.Build.0 = Debug|Any CPU
		{F3DBEF6D-5F67-4F05-BD81-90568BE70202}.Release|Any CPU.ActiveCfg = Release|Any CPU
		{F3DBEF6D-5F67-4F05-BD81-90568BE70202}.Release|Any CPU.Build.0 = Release|Any CPU
		{2C3B934A-3EDD-4758-A160-9622696E8250}.Debug|Any CPU.ActiveCfg = Debug|Any CPU
		{2C3B934A-3EDD-4758-A160-9622696E8250}.Debug|Any CPU.Build.0 = Debug|Any CPU
		{2C3B934A-3EDD-4758-A160-9622696E8250}.Release|Any CPU.ActiveCfg = Release|Any CPU
		{2C3B934A-3EDD-4758-A160-9622696E8250}.Release|Any CPU.Build.0 = Release|Any CPU
		{B5EEFC91-5503-43CA-9EFD-EF97740718B4}.Debug|Any CPU.ActiveCfg = Debug|Any CPU
		{B5EEFC91-5503-43CA-9EFD-EF97740718B4}.Debug|Any CPU.Build.0 = Debug|Any CPU
		{B5EEFC91-5503-43CA-9EFD-EF97740718B4}.Release|Any CPU.ActiveCfg = Release|Any CPU
		{B5EEFC91-5503-43CA-9EFD-EF97740718B4}.Release|Any CPU.Build.0 = Release|Any CPU
		{770A751A-EA16-4DC3-9A9B-8E1D7AF75A36}.Debug|Any CPU.ActiveCfg = Debug|Any CPU
		{770A751A-EA16-4DC3-9A9B-8E1D7AF75A36}.Debug|Any CPU.Build.0 = Debug|Any CPU
		{770A751A-EA16-4DC3-9A9B-8E1D7AF75A36}.Release|Any CPU.ActiveCfg = Release|Any CPU
		{770A751A-EA16-4DC3-9A9B-8E1D7AF75A36}.Release|Any CPU.Build.0 = Release|Any CPU
		{F0657077-9F4C-42EB-B9AF-034477840270}.Debug|Any CPU.ActiveCfg = Debug|Any CPU
		{F0657077-9F4C-42EB-B9AF-034477840270}.Debug|Any CPU.Build.0 = Debug|Any CPU
		{F0657077-9F4C-42EB-B9AF-034477840270}.Release|Any CPU.ActiveCfg = Release|Any CPU
		{F0657077-9F4C-42EB-B9AF-034477840270}.Release|Any CPU.Build.0 = Release|Any CPU
		{6741977E-29A7-4CCF-89CD-02F04A40FD46}.Debug|Any CPU.ActiveCfg = Debug|Any CPU
		{6741977E-29A7-4CCF-89CD-02F04A40FD46}.Debug|Any CPU.Build.0 = Debug|Any CPU
		{6741977E-29A7-4CCF-89CD-02F04A40FD46}.Release|Any CPU.ActiveCfg = Release|Any CPU
		{6741977E-29A7-4CCF-89CD-02F04A40FD46}.Release|Any CPU.Build.0 = Release|Any CPU
		{510B9F66-5C31-4FC7-9DA8-A7AC1355F861}.Debug|Any CPU.ActiveCfg = Debug|Any CPU
		{510B9F66-5C31-4FC7-9DA8-A7AC1355F861}.Debug|Any CPU.Build.0 = Debug|Any CPU
		{510B9F66-5C31-4FC7-9DA8-A7AC1355F861}.Release|Any CPU.ActiveCfg = Release|Any CPU
		{510B9F66-5C31-4FC7-9DA8-A7AC1355F861}.Release|Any CPU.Build.0 = Release|Any CPU
		{F3B453CF-6DAA-4F18-974E-172B593FA067}.Debug|Any CPU.ActiveCfg = Debug|Any CPU
		{F3B453CF-6DAA-4F18-974E-172B593FA067}.Debug|Any CPU.Build.0 = Debug|Any CPU
		{F3B453CF-6DAA-4F18-974E-172B593FA067}.Release|Any CPU.ActiveCfg = Release|Any CPU
		{F3B453CF-6DAA-4F18-974E-172B593FA067}.Release|Any CPU.Build.0 = Release|Any CPU
		{F656733F-AD03-42BF-A2C2-7A3D46C89F3B}.Debug|Any CPU.ActiveCfg = Debug|Any CPU
		{F656733F-AD03-42BF-A2C2-7A3D46C89F3B}.Debug|Any CPU.Build.0 = Debug|Any CPU
		{F656733F-AD03-42BF-A2C2-7A3D46C89F3B}.Release|Any CPU.ActiveCfg = Release|Any CPU
		{F656733F-AD03-42BF-A2C2-7A3D46C89F3B}.Release|Any CPU.Build.0 = Release|Any CPU
		{5DCF7BF4-43BD-4689-87A5-33F426F9029B}.Debug|Any CPU.ActiveCfg = Debug|Any CPU
		{5DCF7BF4-43BD-4689-87A5-33F426F9029B}.Debug|Any CPU.Build.0 = Debug|Any CPU
		{5DCF7BF4-43BD-4689-87A5-33F426F9029B}.Release|Any CPU.ActiveCfg = Release|Any CPU
		{5DCF7BF4-43BD-4689-87A5-33F426F9029B}.Release|Any CPU.Build.0 = Release|Any CPU
		{F51D284D-6BAF-4D23-940E-82FFE94DFAFD}.Debug|Any CPU.ActiveCfg = Debug|Any CPU
		{F51D284D-6BAF-4D23-940E-82FFE94DFAFD}.Debug|Any CPU.Build.0 = Debug|Any CPU
		{F51D284D-6BAF-4D23-940E-82FFE94DFAFD}.Release|Any CPU.ActiveCfg = Release|Any CPU
		{F51D284D-6BAF-4D23-940E-82FFE94DFAFD}.Release|Any CPU.Build.0 = Release|Any CPU
		{C4A81A43-E7CB-4AEF-A1DA-07134D2FEE14}.Debug|Any CPU.ActiveCfg = Debug|Any CPU
		{C4A81A43-E7CB-4AEF-A1DA-07134D2FEE14}.Debug|Any CPU.Build.0 = Debug|Any CPU
		{C4A81A43-E7CB-4AEF-A1DA-07134D2FEE14}.Release|Any CPU.ActiveCfg = Release|Any CPU
		{C4A81A43-E7CB-4AEF-A1DA-07134D2FEE14}.Release|Any CPU.Build.0 = Release|Any CPU
		{67AA66EC-F526-4F7B-A6D5-85D7371EE85B}.Debug|Any CPU.ActiveCfg = Debug|Any CPU
		{67AA66EC-F526-4F7B-A6D5-85D7371EE85B}.Debug|Any CPU.Build.0 = Debug|Any CPU
		{67AA66EC-F526-4F7B-A6D5-85D7371EE85B}.Release|Any CPU.ActiveCfg = Release|Any CPU
		{67AA66EC-F526-4F7B-A6D5-85D7371EE85B}.Release|Any CPU.Build.0 = Release|Any CPU
		{E67AA891-E23E-4585-AA24-A61DF41D12FF}.Debug|Any CPU.ActiveCfg = Debug|Any CPU
		{E67AA891-E23E-4585-AA24-A61DF41D12FF}.Debug|Any CPU.Build.0 = Debug|Any CPU
		{E67AA891-E23E-4585-AA24-A61DF41D12FF}.Release|Any CPU.ActiveCfg = Release|Any CPU
		{E67AA891-E23E-4585-AA24-A61DF41D12FF}.Release|Any CPU.Build.0 = Release|Any CPU
		{242B6750-17FB-4BA1-89E9-441CA5AAB132}.Debug|Any CPU.ActiveCfg = Debug|Any CPU
		{242B6750-17FB-4BA1-89E9-441CA5AAB132}.Debug|Any CPU.Build.0 = Debug|Any CPU
		{242B6750-17FB-4BA1-89E9-441CA5AAB132}.Release|Any CPU.ActiveCfg = Release|Any CPU
		{242B6750-17FB-4BA1-89E9-441CA5AAB132}.Release|Any CPU.Build.0 = Release|Any CPU
		{AC3798D8-F61D-4179-B10C-E36FDBE16A26}.Debug|Any CPU.ActiveCfg = Debug|Any CPU
		{AC3798D8-F61D-4179-B10C-E36FDBE16A26}.Debug|Any CPU.Build.0 = Debug|Any CPU
		{AC3798D8-F61D-4179-B10C-E36FDBE16A26}.Release|Any CPU.ActiveCfg = Release|Any CPU
		{AC3798D8-F61D-4179-B10C-E36FDBE16A26}.Release|Any CPU.Build.0 = Release|Any CPU
		{686CBF87-EA61-4789-974B-F4D14C836178}.Debug|Any CPU.ActiveCfg = Debug|Any CPU
		{686CBF87-EA61-4789-974B-F4D14C836178}.Debug|Any CPU.Build.0 = Debug|Any CPU
		{686CBF87-EA61-4789-974B-F4D14C836178}.Release|Any CPU.ActiveCfg = Release|Any CPU
		{686CBF87-EA61-4789-974B-F4D14C836178}.Release|Any CPU.Build.0 = Release|Any CPU
		{458BAD3B-8C97-4907-B12E-1149D07CB147}.Debug|Any CPU.ActiveCfg = Debug|Any CPU
		{458BAD3B-8C97-4907-B12E-1149D07CB147}.Debug|Any CPU.Build.0 = Debug|Any CPU
		{458BAD3B-8C97-4907-B12E-1149D07CB147}.Release|Any CPU.ActiveCfg = Release|Any CPU
		{458BAD3B-8C97-4907-B12E-1149D07CB147}.Release|Any CPU.Build.0 = Release|Any CPU
		{69A535AE-0890-475F-9D8F-16D39482E17C}.Debug|Any CPU.ActiveCfg = Debug|Any CPU
		{69A535AE-0890-475F-9D8F-16D39482E17C}.Debug|Any CPU.Build.0 = Debug|Any CPU
		{69A535AE-0890-475F-9D8F-16D39482E17C}.Release|Any CPU.ActiveCfg = Release|Any CPU
		{69A535AE-0890-475F-9D8F-16D39482E17C}.Release|Any CPU.Build.0 = Release|Any CPU
		{3578B1CD-D61B-40DE-BCEC-DB537A7C41C8}.Debug|Any CPU.ActiveCfg = Debug|Any CPU
		{3578B1CD-D61B-40DE-BCEC-DB537A7C41C8}.Debug|Any CPU.Build.0 = Debug|Any CPU
		{3578B1CD-D61B-40DE-BCEC-DB537A7C41C8}.Release|Any CPU.ActiveCfg = Release|Any CPU
		{3578B1CD-D61B-40DE-BCEC-DB537A7C41C8}.Release|Any CPU.Build.0 = Release|Any CPU
		{32D6E04B-D2B7-4417-B740-0258FD49A4BE}.Debug|Any CPU.ActiveCfg = Debug|Any CPU
		{32D6E04B-D2B7-4417-B740-0258FD49A4BE}.Debug|Any CPU.Build.0 = Debug|Any CPU
		{32D6E04B-D2B7-4417-B740-0258FD49A4BE}.Release|Any CPU.ActiveCfg = Release|Any CPU
		{32D6E04B-D2B7-4417-B740-0258FD49A4BE}.Release|Any CPU.Build.0 = Release|Any CPU
		{8ECD38E9-60D1-4169-BBF2-80D191A83CB1}.Debug|Any CPU.ActiveCfg = Debug|Any CPU
		{8ECD38E9-60D1-4169-BBF2-80D191A83CB1}.Debug|Any CPU.Build.0 = Debug|Any CPU
		{8ECD38E9-60D1-4169-BBF2-80D191A83CB1}.Release|Any CPU.ActiveCfg = Release|Any CPU
		{8ECD38E9-60D1-4169-BBF2-80D191A83CB1}.Release|Any CPU.Build.0 = Release|Any CPU
		{4FE1F758-6995-4FED-A242-036C2E74DBA4}.Debug|Any CPU.ActiveCfg = Debug|Any CPU
		{4FE1F758-6995-4FED-A242-036C2E74DBA4}.Debug|Any CPU.Build.0 = Debug|Any CPU
		{4FE1F758-6995-4FED-A242-036C2E74DBA4}.Release|Any CPU.ActiveCfg = Release|Any CPU
		{4FE1F758-6995-4FED-A242-036C2E74DBA4}.Release|Any CPU.Build.0 = Release|Any CPU
		{C1CFA5B6-CD9E-49FF-9C50-786880581AD5}.Debug|Any CPU.ActiveCfg = Debug|Any CPU
		{C1CFA5B6-CD9E-49FF-9C50-786880581AD5}.Debug|Any CPU.Build.0 = Debug|Any CPU
		{C1CFA5B6-CD9E-49FF-9C50-786880581AD5}.Release|Any CPU.ActiveCfg = Release|Any CPU
		{C1CFA5B6-CD9E-49FF-9C50-786880581AD5}.Release|Any CPU.Build.0 = Release|Any CPU
		{A2657A18-F3EC-40B9-ABDA-B966E16B85F1}.Debug|Any CPU.ActiveCfg = Debug|Any CPU
		{A2657A18-F3EC-40B9-ABDA-B966E16B85F1}.Debug|Any CPU.Build.0 = Debug|Any CPU
		{A2657A18-F3EC-40B9-ABDA-B966E16B85F1}.Release|Any CPU.ActiveCfg = Release|Any CPU
		{A2657A18-F3EC-40B9-ABDA-B966E16B85F1}.Release|Any CPU.Build.0 = Release|Any CPU
		{D7FE3591-B845-4CC0-A799-401BD3473677}.Debug|Any CPU.ActiveCfg = Debug|Any CPU
		{D7FE3591-B845-4CC0-A799-401BD3473677}.Debug|Any CPU.Build.0 = Debug|Any CPU
		{D7FE3591-B845-4CC0-A799-401BD3473677}.Release|Any CPU.ActiveCfg = Release|Any CPU
		{D7FE3591-B845-4CC0-A799-401BD3473677}.Release|Any CPU.Build.0 = Release|Any CPU
		{ED947F91-B36D-4316-8FF9-B726131BC97A}.Debug|Any CPU.ActiveCfg = Debug|Any CPU
		{ED947F91-B36D-4316-8FF9-B726131BC97A}.Debug|Any CPU.Build.0 = Debug|Any CPU
		{ED947F91-B36D-4316-8FF9-B726131BC97A}.Release|Any CPU.ActiveCfg = Release|Any CPU
		{ED947F91-B36D-4316-8FF9-B726131BC97A}.Release|Any CPU.Build.0 = Release|Any CPU
		{3D0C7DD3-D5C8-45A7-9B12-E4F25E70844D}.Debug|Any CPU.ActiveCfg = Debug|Any CPU
		{3D0C7DD3-D5C8-45A7-9B12-E4F25E70844D}.Debug|Any CPU.Build.0 = Debug|Any CPU
		{3D0C7DD3-D5C8-45A7-9B12-E4F25E70844D}.Release|Any CPU.ActiveCfg = Release|Any CPU
		{3D0C7DD3-D5C8-45A7-9B12-E4F25E70844D}.Release|Any CPU.Build.0 = Release|Any CPU
		{19525087-484E-43FE-B4FA-B1E9350B7368}.Debug|Any CPU.ActiveCfg = Debug|Any CPU
		{19525087-484E-43FE-B4FA-B1E9350B7368}.Debug|Any CPU.Build.0 = Debug|Any CPU
		{19525087-484E-43FE-B4FA-B1E9350B7368}.Release|Any CPU.ActiveCfg = Release|Any CPU
		{19525087-484E-43FE-B4FA-B1E9350B7368}.Release|Any CPU.Build.0 = Release|Any CPU
		{84A87EC9-0B3A-4A91-A771-7BD249C00506}.Debug|Any CPU.ActiveCfg = Debug|Any CPU
		{84A87EC9-0B3A-4A91-A771-7BD249C00506}.Debug|Any CPU.Build.0 = Debug|Any CPU
		{84A87EC9-0B3A-4A91-A771-7BD249C00506}.Release|Any CPU.ActiveCfg = Release|Any CPU
		{84A87EC9-0B3A-4A91-A771-7BD249C00506}.Release|Any CPU.Build.0 = Release|Any CPU
		{C77E4652-384D-42EB-934D-8B696E328B99}.Debug|Any CPU.ActiveCfg = Debug|Any CPU
		{C77E4652-384D-42EB-934D-8B696E328B99}.Debug|Any CPU.Build.0 = Debug|Any CPU
		{C77E4652-384D-42EB-934D-8B696E328B99}.Release|Any CPU.ActiveCfg = Release|Any CPU
		{C77E4652-384D-42EB-934D-8B696E328B99}.Release|Any CPU.Build.0 = Release|Any CPU
		{DD1A5D45-B756-41C8-B085-ACF0AE378C2E}.Debug|Any CPU.ActiveCfg = Debug|Any CPU
		{DD1A5D45-B756-41C8-B085-ACF0AE378C2E}.Debug|Any CPU.Build.0 = Debug|Any CPU
		{DD1A5D45-B756-41C8-B085-ACF0AE378C2E}.Release|Any CPU.ActiveCfg = Release|Any CPU
		{DD1A5D45-B756-41C8-B085-ACF0AE378C2E}.Release|Any CPU.Build.0 = Release|Any CPU
		{216BFBB5-B8C8-4E06-871C-F9B0001EF2E6}.Debug|Any CPU.ActiveCfg = Debug|Any CPU
		{216BFBB5-B8C8-4E06-871C-F9B0001EF2E6}.Debug|Any CPU.Build.0 = Debug|Any CPU
		{216BFBB5-B8C8-4E06-871C-F9B0001EF2E6}.Release|Any CPU.ActiveCfg = Release|Any CPU
		{216BFBB5-B8C8-4E06-871C-F9B0001EF2E6}.Release|Any CPU.Build.0 = Release|Any CPU
		{B7392F1E-03AE-4D4C-91A6-D4439558B037}.Debug|Any CPU.ActiveCfg = Debug|Any CPU
		{B7392F1E-03AE-4D4C-91A6-D4439558B037}.Debug|Any CPU.Build.0 = Debug|Any CPU
		{B7392F1E-03AE-4D4C-91A6-D4439558B037}.Release|Any CPU.ActiveCfg = Release|Any CPU
		{B7392F1E-03AE-4D4C-91A6-D4439558B037}.Release|Any CPU.Build.0 = Release|Any CPU
		{3E717269-DC13-4365-B523-55C9A6AFADD4}.Debug|Any CPU.ActiveCfg = Debug|Any CPU
		{3E717269-DC13-4365-B523-55C9A6AFADD4}.Debug|Any CPU.Build.0 = Debug|Any CPU
		{3E717269-DC13-4365-B523-55C9A6AFADD4}.Release|Any CPU.ActiveCfg = Release|Any CPU
		{3E717269-DC13-4365-B523-55C9A6AFADD4}.Release|Any CPU.Build.0 = Release|Any CPU
		{7A29ED6A-1309-44B3-B7A7-92347CE43924}.Debug|Any CPU.ActiveCfg = Debug|Any CPU
		{7A29ED6A-1309-44B3-B7A7-92347CE43924}.Debug|Any CPU.Build.0 = Debug|Any CPU
		{7A29ED6A-1309-44B3-B7A7-92347CE43924}.Release|Any CPU.ActiveCfg = Release|Any CPU
		{7A29ED6A-1309-44B3-B7A7-92347CE43924}.Release|Any CPU.Build.0 = Release|Any CPU
		{5069E0A4-C9CF-4036-8756-B8A9DEBB93F2}.Debug|Any CPU.ActiveCfg = Debug|Any CPU
		{5069E0A4-C9CF-4036-8756-B8A9DEBB93F2}.Debug|Any CPU.Build.0 = Debug|Any CPU
		{5069E0A4-C9CF-4036-8756-B8A9DEBB93F2}.Release|Any CPU.ActiveCfg = Release|Any CPU
		{5069E0A4-C9CF-4036-8756-B8A9DEBB93F2}.Release|Any CPU.Build.0 = Release|Any CPU
		{002ABBF9-CCA1-425A-9822-A86FAE49EB7D}.Debug|Any CPU.ActiveCfg = Debug|Any CPU
		{002ABBF9-CCA1-425A-9822-A86FAE49EB7D}.Debug|Any CPU.Build.0 = Debug|Any CPU
		{002ABBF9-CCA1-425A-9822-A86FAE49EB7D}.Release|Any CPU.ActiveCfg = Release|Any CPU
		{002ABBF9-CCA1-425A-9822-A86FAE49EB7D}.Release|Any CPU.Build.0 = Release|Any CPU
		{5739F742-75B6-4E21-A1BF-FC9FE5859598}.Debug|Any CPU.ActiveCfg = Debug|Any CPU
		{5739F742-75B6-4E21-A1BF-FC9FE5859598}.Debug|Any CPU.Build.0 = Debug|Any CPU
		{5739F742-75B6-4E21-A1BF-FC9FE5859598}.Release|Any CPU.ActiveCfg = Release|Any CPU
		{5739F742-75B6-4E21-A1BF-FC9FE5859598}.Release|Any CPU.Build.0 = Release|Any CPU
		{1FCDAB83-2348-4685-B105-F4C741BAA34F}.Debug|Any CPU.ActiveCfg = Debug|Any CPU
		{1FCDAB83-2348-4685-B105-F4C741BAA34F}.Debug|Any CPU.Build.0 = Debug|Any CPU
		{1FCDAB83-2348-4685-B105-F4C741BAA34F}.Release|Any CPU.ActiveCfg = Release|Any CPU
		{1FCDAB83-2348-4685-B105-F4C741BAA34F}.Release|Any CPU.Build.0 = Release|Any CPU
		{FDFD63ED-4BCA-4D10-8E0B-BDDC78A8B45E}.Debug|Any CPU.ActiveCfg = Debug|Any CPU
		{FDFD63ED-4BCA-4D10-8E0B-BDDC78A8B45E}.Debug|Any CPU.Build.0 = Debug|Any CPU
		{FDFD63ED-4BCA-4D10-8E0B-BDDC78A8B45E}.Release|Any CPU.ActiveCfg = Release|Any CPU
		{FDFD63ED-4BCA-4D10-8E0B-BDDC78A8B45E}.Release|Any CPU.Build.0 = Release|Any CPU
		{9502319A-3F27-4CF6-89D5-E2CDA5205824}.Debug|Any CPU.ActiveCfg = Debug|Any CPU
		{9502319A-3F27-4CF6-89D5-E2CDA5205824}.Debug|Any CPU.Build.0 = Debug|Any CPU
		{9502319A-3F27-4CF6-89D5-E2CDA5205824}.Release|Any CPU.ActiveCfg = Release|Any CPU
		{9502319A-3F27-4CF6-89D5-E2CDA5205824}.Release|Any CPU.Build.0 = Release|Any CPU
		{C41812AB-3C9A-4E50-835A-F90A9EF7F583}.Debug|Any CPU.ActiveCfg = Debug|Any CPU
		{C41812AB-3C9A-4E50-835A-F90A9EF7F583}.Debug|Any CPU.Build.0 = Debug|Any CPU
		{C41812AB-3C9A-4E50-835A-F90A9EF7F583}.Release|Any CPU.ActiveCfg = Release|Any CPU
		{C41812AB-3C9A-4E50-835A-F90A9EF7F583}.Release|Any CPU.Build.0 = Release|Any CPU
		{CC6D7AED-413D-4AF0-B5AF-4B4A2F401D0E}.Debug|Any CPU.ActiveCfg = Debug|Any CPU
		{CC6D7AED-413D-4AF0-B5AF-4B4A2F401D0E}.Debug|Any CPU.Build.0 = Debug|Any CPU
		{CC6D7AED-413D-4AF0-B5AF-4B4A2F401D0E}.Release|Any CPU.ActiveCfg = Release|Any CPU
		{CC6D7AED-413D-4AF0-B5AF-4B4A2F401D0E}.Release|Any CPU.Build.0 = Release|Any CPU
		{B9F80602-C68C-485A-9112-DC4E39187DA6}.Debug|Any CPU.ActiveCfg = Debug|Any CPU
		{B9F80602-C68C-485A-9112-DC4E39187DA6}.Debug|Any CPU.Build.0 = Debug|Any CPU
		{B9F80602-C68C-485A-9112-DC4E39187DA6}.Release|Any CPU.ActiveCfg = Release|Any CPU
		{B9F80602-C68C-485A-9112-DC4E39187DA6}.Release|Any CPU.Build.0 = Release|Any CPU
		{F253608A-9057-4D20-B5B4-0A8BACEBD197}.Debug|Any CPU.ActiveCfg = Debug|Any CPU
		{F253608A-9057-4D20-B5B4-0A8BACEBD197}.Debug|Any CPU.Build.0 = Debug|Any CPU
		{F253608A-9057-4D20-B5B4-0A8BACEBD197}.Release|Any CPU.ActiveCfg = Release|Any CPU
		{F253608A-9057-4D20-B5B4-0A8BACEBD197}.Release|Any CPU.Build.0 = Release|Any CPU
		{109F535F-93D1-48D9-855F-D0A12952F346}.Debug|Any CPU.ActiveCfg = Debug|Any CPU
		{109F535F-93D1-48D9-855F-D0A12952F346}.Debug|Any CPU.Build.0 = Debug|Any CPU
		{109F535F-93D1-48D9-855F-D0A12952F346}.Release|Any CPU.ActiveCfg = Release|Any CPU
		{109F535F-93D1-48D9-855F-D0A12952F346}.Release|Any CPU.Build.0 = Release|Any CPU
		{09315449-7219-4036-A8F5-9468CD2B9418}.Debug|Any CPU.ActiveCfg = Debug|Any CPU
		{09315449-7219-4036-A8F5-9468CD2B9418}.Debug|Any CPU.Build.0 = Debug|Any CPU
		{09315449-7219-4036-A8F5-9468CD2B9418}.Release|Any CPU.ActiveCfg = Release|Any CPU
		{09315449-7219-4036-A8F5-9468CD2B9418}.Release|Any CPU.Build.0 = Release|Any CPU
		{D3D44565-6DE8-4550-8981-AA9E616AA67F}.Debug|Any CPU.ActiveCfg = Debug|Any CPU
		{D3D44565-6DE8-4550-8981-AA9E616AA67F}.Debug|Any CPU.Build.0 = Debug|Any CPU
		{D3D44565-6DE8-4550-8981-AA9E616AA67F}.Release|Any CPU.ActiveCfg = Release|Any CPU
		{D3D44565-6DE8-4550-8981-AA9E616AA67F}.Release|Any CPU.Build.0 = Release|Any CPU
		{BF2D6CA5-C383-4413-B6AE-896491D81B53}.Debug|Any CPU.ActiveCfg = Debug|Any CPU
		{BF2D6CA5-C383-4413-B6AE-896491D81B53}.Debug|Any CPU.Build.0 = Debug|Any CPU
		{BF2D6CA5-C383-4413-B6AE-896491D81B53}.Release|Any CPU.ActiveCfg = Release|Any CPU
		{BF2D6CA5-C383-4413-B6AE-896491D81B53}.Release|Any CPU.Build.0 = Release|Any CPU
		{8D52BC3F-E2AA-42B4-B963-AB83A7DC8460}.Debug|Any CPU.ActiveCfg = Debug|Any CPU
		{8D52BC3F-E2AA-42B4-B963-AB83A7DC8460}.Debug|Any CPU.Build.0 = Debug|Any CPU
		{8D52BC3F-E2AA-42B4-B963-AB83A7DC8460}.Release|Any CPU.ActiveCfg = Release|Any CPU
		{8D52BC3F-E2AA-42B4-B963-AB83A7DC8460}.Release|Any CPU.Build.0 = Release|Any CPU
		{0BD0C339-C4DC-4917-A01C-B9DA4F17C9DB}.Debug|Any CPU.ActiveCfg = Debug|Any CPU
		{0BD0C339-C4DC-4917-A01C-B9DA4F17C9DB}.Debug|Any CPU.Build.0 = Debug|Any CPU
		{0BD0C339-C4DC-4917-A01C-B9DA4F17C9DB}.Release|Any CPU.ActiveCfg = Release|Any CPU
		{0BD0C339-C4DC-4917-A01C-B9DA4F17C9DB}.Release|Any CPU.Build.0 = Release|Any CPU
		{5AA19E31-1751-462B-86B8-784D9793DBB2}.Debug|Any CPU.ActiveCfg = Debug|Any CPU
		{5AA19E31-1751-462B-86B8-784D9793DBB2}.Debug|Any CPU.Build.0 = Debug|Any CPU
		{5AA19E31-1751-462B-86B8-784D9793DBB2}.Release|Any CPU.ActiveCfg = Release|Any CPU
		{5AA19E31-1751-462B-86B8-784D9793DBB2}.Release|Any CPU.Build.0 = Release|Any CPU
		{8E67518A-236E-475F-B23F-C433BC362333}.Debug|Any CPU.ActiveCfg = Debug|Any CPU
		{8E67518A-236E-475F-B23F-C433BC362333}.Debug|Any CPU.Build.0 = Debug|Any CPU
		{8E67518A-236E-475F-B23F-C433BC362333}.Release|Any CPU.ActiveCfg = Release|Any CPU
		{8E67518A-236E-475F-B23F-C433BC362333}.Release|Any CPU.Build.0 = Release|Any CPU
		{9CB8E007-F7F6-4272-AB46-D506AB762082}.Debug|Any CPU.ActiveCfg = Debug|Any CPU
		{9CB8E007-F7F6-4272-AB46-D506AB762082}.Debug|Any CPU.Build.0 = Debug|Any CPU
		{9CB8E007-F7F6-4272-AB46-D506AB762082}.Release|Any CPU.ActiveCfg = Release|Any CPU
		{9CB8E007-F7F6-4272-AB46-D506AB762082}.Release|Any CPU.Build.0 = Release|Any CPU
		{9591D4B4-6085-4780-9269-FE650252A352}.Debug|Any CPU.ActiveCfg = Debug|Any CPU
		{9591D4B4-6085-4780-9269-FE650252A352}.Debug|Any CPU.Build.0 = Debug|Any CPU
		{9591D4B4-6085-4780-9269-FE650252A352}.Release|Any CPU.ActiveCfg = Release|Any CPU
		{9591D4B4-6085-4780-9269-FE650252A352}.Release|Any CPU.Build.0 = Release|Any CPU
		{E8F5E0EF-6484-4130-98CD-B8854D421E60}.Debug|Any CPU.ActiveCfg = Debug|Any CPU
		{E8F5E0EF-6484-4130-98CD-B8854D421E60}.Debug|Any CPU.Build.0 = Debug|Any CPU
		{E8F5E0EF-6484-4130-98CD-B8854D421E60}.Release|Any CPU.ActiveCfg = Release|Any CPU
		{E8F5E0EF-6484-4130-98CD-B8854D421E60}.Release|Any CPU.Build.0 = Release|Any CPU
		{B6437483-0AA2-4A76-9B6B-93C63029F4D6}.Debug|Any CPU.ActiveCfg = Debug|Any CPU
		{B6437483-0AA2-4A76-9B6B-93C63029F4D6}.Debug|Any CPU.Build.0 = Debug|Any CPU
		{B6437483-0AA2-4A76-9B6B-93C63029F4D6}.Release|Any CPU.ActiveCfg = Release|Any CPU
		{B6437483-0AA2-4A76-9B6B-93C63029F4D6}.Release|Any CPU.Build.0 = Release|Any CPU
		{97FF61FB-E5D2-4EED-9A0F-66B542C54E75}.Debug|Any CPU.ActiveCfg = Debug|Any CPU
		{97FF61FB-E5D2-4EED-9A0F-66B542C54E75}.Debug|Any CPU.Build.0 = Debug|Any CPU
		{97FF61FB-E5D2-4EED-9A0F-66B542C54E75}.Release|Any CPU.ActiveCfg = Release|Any CPU
		{97FF61FB-E5D2-4EED-9A0F-66B542C54E75}.Release|Any CPU.Build.0 = Release|Any CPU
		{2CC4E152-F4F0-4D3C-9E5D-023244B93EF8}.Debug|Any CPU.ActiveCfg = Debug|Any CPU
		{2CC4E152-F4F0-4D3C-9E5D-023244B93EF8}.Debug|Any CPU.Build.0 = Debug|Any CPU
		{2CC4E152-F4F0-4D3C-9E5D-023244B93EF8}.Release|Any CPU.ActiveCfg = Release|Any CPU
		{2CC4E152-F4F0-4D3C-9E5D-023244B93EF8}.Release|Any CPU.Build.0 = Release|Any CPU
		{AAF0FEEC-174B-4E1B-BF81-6DFCCFA97849}.Debug|Any CPU.ActiveCfg = Debug|Any CPU
		{AAF0FEEC-174B-4E1B-BF81-6DFCCFA97849}.Debug|Any CPU.Build.0 = Debug|Any CPU
		{AAF0FEEC-174B-4E1B-BF81-6DFCCFA97849}.Release|Any CPU.ActiveCfg = Release|Any CPU
		{AAF0FEEC-174B-4E1B-BF81-6DFCCFA97849}.Release|Any CPU.Build.0 = Release|Any CPU
		{55EB6878-CE35-4A34-BC63-50B649D633F3}.Debug|Any CPU.ActiveCfg = Debug|Any CPU
		{55EB6878-CE35-4A34-BC63-50B649D633F3}.Debug|Any CPU.Build.0 = Debug|Any CPU
		{55EB6878-CE35-4A34-BC63-50B649D633F3}.Release|Any CPU.ActiveCfg = Release|Any CPU
		{55EB6878-CE35-4A34-BC63-50B649D633F3}.Release|Any CPU.Build.0 = Release|Any CPU
		{B85A5B6C-DF78-4BE7-85DD-45B11E71DCF5}.Debug|Any CPU.ActiveCfg = Debug|Any CPU
		{B85A5B6C-DF78-4BE7-85DD-45B11E71DCF5}.Debug|Any CPU.Build.0 = Debug|Any CPU
		{B85A5B6C-DF78-4BE7-85DD-45B11E71DCF5}.Release|Any CPU.ActiveCfg = Release|Any CPU
		{B85A5B6C-DF78-4BE7-85DD-45B11E71DCF5}.Release|Any CPU.Build.0 = Release|Any CPU
		{71E3BD73-1FFF-4B5C-BAE4-D773D938F005}.Debug|Any CPU.ActiveCfg = Debug|Any CPU
		{71E3BD73-1FFF-4B5C-BAE4-D773D938F005}.Debug|Any CPU.Build.0 = Debug|Any CPU
		{71E3BD73-1FFF-4B5C-BAE4-D773D938F005}.Release|Any CPU.ActiveCfg = Release|Any CPU
		{71E3BD73-1FFF-4B5C-BAE4-D773D938F005}.Release|Any CPU.Build.0 = Release|Any CPU
		{977E1830-9B64-4A6C-B58B-725440FAFDC8}.Debug|Any CPU.ActiveCfg = Debug|Any CPU
		{977E1830-9B64-4A6C-B58B-725440FAFDC8}.Debug|Any CPU.Build.0 = Debug|Any CPU
		{977E1830-9B64-4A6C-B58B-725440FAFDC8}.Release|Any CPU.ActiveCfg = Release|Any CPU
		{977E1830-9B64-4A6C-B58B-725440FAFDC8}.Release|Any CPU.Build.0 = Release|Any CPU
		{848FBA94-DFA2-45F4-BDE3-E2B27CF5FC84}.Debug|Any CPU.ActiveCfg = Debug|Any CPU
		{848FBA94-DFA2-45F4-BDE3-E2B27CF5FC84}.Debug|Any CPU.Build.0 = Debug|Any CPU
		{848FBA94-DFA2-45F4-BDE3-E2B27CF5FC84}.Release|Any CPU.ActiveCfg = Release|Any CPU
		{848FBA94-DFA2-45F4-BDE3-E2B27CF5FC84}.Release|Any CPU.Build.0 = Release|Any CPU
		{0C71E836-CE3F-4AC2-ADC1-5E2931FC5F73}.Debug|Any CPU.ActiveCfg = Debug|Any CPU
		{0C71E836-CE3F-4AC2-ADC1-5E2931FC5F73}.Debug|Any CPU.Build.0 = Debug|Any CPU
		{0C71E836-CE3F-4AC2-ADC1-5E2931FC5F73}.Release|Any CPU.ActiveCfg = Release|Any CPU
		{0C71E836-CE3F-4AC2-ADC1-5E2931FC5F73}.Release|Any CPU.Build.0 = Release|Any CPU
		{6F921C72-CBD8-40C1-ABCC-1AA5EFD8EB71}.Debug|Any CPU.ActiveCfg = Debug|Any CPU
		{6F921C72-CBD8-40C1-ABCC-1AA5EFD8EB71}.Debug|Any CPU.Build.0 = Debug|Any CPU
		{6F921C72-CBD8-40C1-ABCC-1AA5EFD8EB71}.Release|Any CPU.ActiveCfg = Release|Any CPU
		{6F921C72-CBD8-40C1-ABCC-1AA5EFD8EB71}.Release|Any CPU.Build.0 = Release|Any CPU
		{77906C3A-04FA-4916-8AD2-36C81BFC5641}.Debug|Any CPU.ActiveCfg = Debug|Any CPU
		{77906C3A-04FA-4916-8AD2-36C81BFC5641}.Debug|Any CPU.Build.0 = Debug|Any CPU
		{77906C3A-04FA-4916-8AD2-36C81BFC5641}.Release|Any CPU.ActiveCfg = Release|Any CPU
		{77906C3A-04FA-4916-8AD2-36C81BFC5641}.Release|Any CPU.Build.0 = Release|Any CPU
		{5BF0FC45-6FDC-402C-9F97-31F2073ECC23}.Debug|Any CPU.ActiveCfg = Debug|Any CPU
		{5BF0FC45-6FDC-402C-9F97-31F2073ECC23}.Debug|Any CPU.Build.0 = Debug|Any CPU
		{5BF0FC45-6FDC-402C-9F97-31F2073ECC23}.Release|Any CPU.ActiveCfg = Release|Any CPU
		{5BF0FC45-6FDC-402C-9F97-31F2073ECC23}.Release|Any CPU.Build.0 = Release|Any CPU
		{CDE6DC0F-4BC6-4EAF-8E02-6A755069C7AD}.Debug|Any CPU.ActiveCfg = Debug|Any CPU
		{CDE6DC0F-4BC6-4EAF-8E02-6A755069C7AD}.Debug|Any CPU.Build.0 = Debug|Any CPU
		{CDE6DC0F-4BC6-4EAF-8E02-6A755069C7AD}.Release|Any CPU.ActiveCfg = Release|Any CPU
		{CDE6DC0F-4BC6-4EAF-8E02-6A755069C7AD}.Release|Any CPU.Build.0 = Release|Any CPU
		{4A66137C-1888-4824-97F1-CEF3229FD2E4}.Debug|Any CPU.ActiveCfg = Debug|Any CPU
		{4A66137C-1888-4824-97F1-CEF3229FD2E4}.Debug|Any CPU.Build.0 = Debug|Any CPU
		{4A66137C-1888-4824-97F1-CEF3229FD2E4}.Release|Any CPU.ActiveCfg = Release|Any CPU
		{4A66137C-1888-4824-97F1-CEF3229FD2E4}.Release|Any CPU.Build.0 = Release|Any CPU
		{0171B361-BE63-4A58-B9B5-C5F5CA6BB35F}.Debug|Any CPU.ActiveCfg = Debug|Any CPU
		{0171B361-BE63-4A58-B9B5-C5F5CA6BB35F}.Debug|Any CPU.Build.0 = Debug|Any CPU
		{0171B361-BE63-4A58-B9B5-C5F5CA6BB35F}.Release|Any CPU.ActiveCfg = Release|Any CPU
		{0171B361-BE63-4A58-B9B5-C5F5CA6BB35F}.Release|Any CPU.Build.0 = Release|Any CPU
		{C96881D2-A4D3-4EB0-B75E-D32E5A127996}.Debug|Any CPU.ActiveCfg = Debug|Any CPU
		{C96881D2-A4D3-4EB0-B75E-D32E5A127996}.Debug|Any CPU.Build.0 = Debug|Any CPU
		{C96881D2-A4D3-4EB0-B75E-D32E5A127996}.Release|Any CPU.ActiveCfg = Release|Any CPU
		{C96881D2-A4D3-4EB0-B75E-D32E5A127996}.Release|Any CPU.Build.0 = Release|Any CPU
		{FC39F1B3-95BB-4A6A-BAA4-B995E27902BD}.Debug|Any CPU.ActiveCfg = Debug|Any CPU
		{FC39F1B3-95BB-4A6A-BAA4-B995E27902BD}.Debug|Any CPU.Build.0 = Debug|Any CPU
		{FC39F1B3-95BB-4A6A-BAA4-B995E27902BD}.Release|Any CPU.ActiveCfg = Release|Any CPU
		{FC39F1B3-95BB-4A6A-BAA4-B995E27902BD}.Release|Any CPU.Build.0 = Release|Any CPU
		{E205A67C-860A-4DAC-8918-9F9C2C6AE036}.Debug|Any CPU.ActiveCfg = Debug|Any CPU
		{E205A67C-860A-4DAC-8918-9F9C2C6AE036}.Debug|Any CPU.Build.0 = Debug|Any CPU
		{E205A67C-860A-4DAC-8918-9F9C2C6AE036}.Release|Any CPU.ActiveCfg = Release|Any CPU
		{E205A67C-860A-4DAC-8918-9F9C2C6AE036}.Release|Any CPU.Build.0 = Release|Any CPU
	EndGlobalSection
EndGlobal
