
Microsoft Visual Studio Solution File, Format Version 12.00
Project("{2150E333-8FDC-42A3-9474-1A3956D46DE8}") = "Minimum Falling Path Sum", "Minimum Falling Path Sum", "{BFA3822E-A6BB-450C-8941-86E75483B18B}"
EndProject
Project("{FAE04EC0-301F-11D3-BF4B-00C04F79EFBC}") = "MinimumFallingPathSum", "Medium\MinimumFallingPathSum\MinimumFallingPathSum.csproj", "{5236C072-0A71-4AB6-905E-B32B7149DDD7}"
EndProject
Project("{FAE04EC0-301F-11D3-BF4B-00C04F79EFBC}") = "MinimumFallingPathSum.Tests", "Medium\MinimumFallingPathSum.Tests\MinimumFallingPathSum.Tests.csproj", "{143D1D10-32BD-402D-8185-8421BE031455}"
EndProject
Global
	GlobalSection(SolutionConfigurationPlatforms) = preSolution
		Debug|Any CPU = Debug|Any CPU
		Release|Any CPU = Release|Any CPU
	EndGlobalSection
	GlobalSection(NestedProjects) = preSolution
		{5236C072-0A71-4AB6-905E-B32B7149DDD7} = {BFA3822E-A6BB-450C-8941-86E75483B18B}
		{143D1D10-32BD-402D-8185-8421BE031455} = {BFA3822E-A6BB-450C-8941-86E75483B18B}
	EndGlobalSection
	GlobalSection(ProjectConfigurationPlatforms) = postSolution
		{5236C072-0A71-4AB6-905E-B32B7149DDD7}.Debug|Any CPU.ActiveCfg = Debug|Any CPU
		{5236C072-0A71-4AB6-905E-B32B7149DDD7}.Debug|Any CPU.Build.0 = Debug|Any CPU
		{5236C072-0A71-4AB6-905E-B32B7149DDD7}.Release|Any CPU.ActiveCfg = Release|Any CPU
		{5236C072-0A71-4AB6-905E-B32B7149DDD7}.Release|Any CPU.Build.0 = Release|Any CPU
		{143D1D10-32BD-402D-8185-8421BE031455}.Debug|Any CPU.ActiveCfg = Debug|Any CPU
		{143D1D10-32BD-402D-8185-8421BE031455}.Debug|Any CPU.Build.0 = Debug|Any CPU
		{143D1D10-32BD-402D-8185-8421BE031455}.Release|Any CPU.ActiveCfg = Release|Any CPU
		{143D1D10-32BD-402D-8185-8421BE031455}.Release|Any CPU.Build.0 = Release|Any CPU
	EndGlobalSection
EndGlobal
